// !$*UTF8*$!
{
	archiveVersion = 1;
	classes = {
	};
	objectVersion = 46;
	objects = {

/* Begin PBXBuildFile section */
		520F02261F5ADFC30048A3FE /* CustomCalloutView.swift in Sources */ = {isa = PBXBuildFile; fileRef = 520F02251F5ADFC30048A3FE /* CustomCalloutView.swift */; };
		520F023C1F5ADFD30048A3FE /* CustomCalloutView.xib in Resources */ = {isa = PBXBuildFile; fileRef = 520F023B1F5ADFD30048A3FE /* CustomCalloutView.xib */; };
		520F023E1F5B17940048A3FE /* Reachability.swift in Sources */ = {isa = PBXBuildFile; fileRef = 520F023D1F5B17940048A3FE /* Reachability.swift */; };
		525283601F5BD7CE00A46F5E /* BaseViewController.swift in Sources */ = {isa = PBXBuildFile; fileRef = 5252835F1F5BD7CE00A46F5E /* BaseViewController.swift */; };
		5252837C1F5BEA8700A46F5E /* MediaAPI.swift in Sources */ = {isa = PBXBuildFile; fileRef = 5252837B1F5BEA8700A46F5E /* MediaAPI.swift */; };
		525283821F5BFFA900A46F5E /* AuthenticateAPI.swift in Sources */ = {isa = PBXBuildFile; fileRef = 525283811F5BFFA900A46F5E /* AuthenticateAPI.swift */; };
		525283871F5C0CC100A46F5E /* Connectivity.swift in Sources */ = {isa = PBXBuildFile; fileRef = 525283861F5C0CC100A46F5E /* Connectivity.swift */; };
		5252838A1F5C1BC700A46F5E /* Constants.swift in Sources */ = {isa = PBXBuildFile; fileRef = 525283891F5C1BC700A46F5E /* Constants.swift */; };
		525284411F5C8D7000A46F5E /* AppDelegate.swift in Sources */ = {isa = PBXBuildFile; fileRef = 525284401F5C8D7000A46F5E /* AppDelegate.swift */; };
		525284881F5C8DCD00A46F5E /* LaunchScreen.storyboard in Resources */ = {isa = PBXBuildFile; fileRef = 525284841F5C8DCD00A46F5E /* LaunchScreen.storyboard */; };
		525284891F5C8DCD00A46F5E /* Main.storyboard in Resources */ = {isa = PBXBuildFile; fileRef = 525284861F5C8DCD00A46F5E /* Main.storyboard */; };
		52528D471F5C902F00A46F5E /* Alamofire.framework in Frameworks */ = {isa = PBXBuildFile; fileRef = 52528CEE1F5C900500A46F5E /* Alamofire.framework */; };
		52528D481F5C902F00A46F5E /* Alamofire.framework in Copy Frameworks */ = {isa = PBXBuildFile; fileRef = 52528CEE1F5C900500A46F5E /* Alamofire.framework */; settings = {ATTRIBUTES = (CodeSignOnCopy, RemoveHeadersOnCopy, ); }; };
		52528D4B1F5C902F00A46F5E /* AlamofireImage.framework in Frameworks */ = {isa = PBXBuildFile; fileRef = 52528D081F5C900E00A46F5E /* AlamofireImage.framework */; };
		52528D4C1F5C902F00A46F5E /* AlamofireImage.framework in Copy Frameworks */ = {isa = PBXBuildFile; fileRef = 52528D081F5C900E00A46F5E /* AlamofireImage.framework */; settings = {ATTRIBUTES = (CodeSignOnCopy, RemoveHeadersOnCopy, ); }; };
		52528D4F1F5C902F00A46F5E /* AlamofireObjectMapper.framework in Frameworks */ = {isa = PBXBuildFile; fileRef = 52528D221F5C901300A46F5E /* AlamofireObjectMapper.framework */; };
		52528D501F5C902F00A46F5E /* AlamofireObjectMapper.framework in Copy Frameworks */ = {isa = PBXBuildFile; fileRef = 52528D221F5C901300A46F5E /* AlamofireObjectMapper.framework */; settings = {ATTRIBUTES = (CodeSignOnCopy, RemoveHeadersOnCopy, ); }; };
		52528D531F5C902F00A46F5E /* ObjectMapper.framework in Frameworks */ = {isa = PBXBuildFile; fileRef = 52528D3A1F5C901800A46F5E /* ObjectMapper.framework */; };
		52528D541F5C902F00A46F5E /* ObjectMapper.framework in Copy Frameworks */ = {isa = PBXBuildFile; fileRef = 52528D3A1F5C901800A46F5E /* ObjectMapper.framework */; settings = {ATTRIBUTES = (CodeSignOnCopy, RemoveHeadersOnCopy, ); }; };
		525B62D11F5999DA00FAB0B4 /* MediaSearchAnnotation.swift in Sources */ = {isa = PBXBuildFile; fileRef = 525B62D01F5999DA00FAB0B4 /* MediaSearchAnnotation.swift */; };
		525B62D31F59C37F00FAB0B4 /* CustomMKAnnotationView.swift in Sources */ = {isa = PBXBuildFile; fileRef = 525B62D21F59C37F00FAB0B4 /* CustomMKAnnotationView.swift */; };
		5289CBC31F5CEF2D00BC37DE /* QuartzCore.framework in Frameworks */ = {isa = PBXBuildFile; fileRef = 5289CBC21F5CEF2D00BC37DE /* QuartzCore.framework */; };
		5289CBDF1F5D182100BC37DE /* DateExtension.swift in Sources */ = {isa = PBXBuildFile; fileRef = 5289CBDE1F5D182100BC37DE /* DateExtension.swift */; };
		5289CBE11F5D4F7400BC37DE /* ErrorExtension.swift in Sources */ = {isa = PBXBuildFile; fileRef = 5289CBE01F5D4F7400BC37DE /* ErrorExtension.swift */; };
		52F6CD281F57CC8D0056F02F /* LoginViewController.swift in Sources */ = {isa = PBXBuildFile; fileRef = 52F6CD271F57CC8D0056F02F /* LoginViewController.swift */; };
		CE4CC1711F553B6C00D8244B /* InstaMapViewController.swift in Sources */ = {isa = PBXBuildFile; fileRef = CE4CC1701F553B6C00D8244B /* InstaMapViewController.swift */; };
		CE4CC1761F553B6C00D8244B /* Assets.xcassets in Resources */ = {isa = PBXBuildFile; fileRef = CE4CC1751F553B6C00D8244B /* Assets.xcassets */; };
		CE4CC1841F553B6C00D8244B /* MyInstaMapTests.swift in Sources */ = {isa = PBXBuildFile; fileRef = CE4CC1831F553B6C00D8244B /* MyInstaMapTests.swift */; };
		CE4CC18F1F553B6C00D8244B /* MyInstaMapUITests.swift in Sources */ = {isa = PBXBuildFile; fileRef = CE4CC18E1F553B6C00D8244B /* MyInstaMapUITests.swift */; };
		CEFA46F01F56A32F00A85EBF /* data.json in Resources */ = {isa = PBXBuildFile; fileRef = CEFA46EF1F56A32F00A85EBF /* data.json */; };
		CEFA46F21F56BF9000A85EBF /* MediaSearchModel.swift in Sources */ = {isa = PBXBuildFile; fileRef = CEFA46F11F56BF9000A85EBF /* MediaSearchModel.swift */; };
/* End PBXBuildFile section */

/* Begin PBXContainerItemProxy section */
		52528CED1F5C900500A46F5E /* PBXContainerItemProxy */ = {
			isa = PBXContainerItemProxy;
			containerPortal = 52528CE21F5C900500A46F5E /* Alamofire.xcodeproj */;
			proxyType = 2;
			remoteGlobalIDString = F8111E3319A95C8B0040E7D1;
			remoteInfo = "Alamofire iOS";
		};
		52528CEF1F5C900500A46F5E /* PBXContainerItemProxy */ = {
			isa = PBXContainerItemProxy;
			containerPortal = 52528CE21F5C900500A46F5E /* Alamofire.xcodeproj */;
			proxyType = 2;
			remoteGlobalIDString = F8111E3E19A95C8B0040E7D1;
			remoteInfo = "Alamofire iOS Tests";
		};
		52528CF11F5C900500A46F5E /* PBXContainerItemProxy */ = {
			isa = PBXContainerItemProxy;
			containerPortal = 52528CE21F5C900500A46F5E /* Alamofire.xcodeproj */;
			proxyType = 2;
			remoteGlobalIDString = 4DD67C0B1A5C55C900ED2280;
			remoteInfo = "Alamofire macOS";
		};
		52528CF31F5C900500A46F5E /* PBXContainerItemProxy */ = {
			isa = PBXContainerItemProxy;
			containerPortal = 52528CE21F5C900500A46F5E /* Alamofire.xcodeproj */;
			proxyType = 2;
			remoteGlobalIDString = F829C6B21A7A94F100A2CD59;
			remoteInfo = "Alamofire macOS Tests";
		};
		52528CF51F5C900500A46F5E /* PBXContainerItemProxy */ = {
			isa = PBXContainerItemProxy;
			containerPortal = 52528CE21F5C900500A46F5E /* Alamofire.xcodeproj */;
			proxyType = 2;
			remoteGlobalIDString = 4CF626EF1BA7CB3E0011A099;
			remoteInfo = "Alamofire tvOS";
		};
		52528CF71F5C900500A46F5E /* PBXContainerItemProxy */ = {
			isa = PBXContainerItemProxy;
			containerPortal = 52528CE21F5C900500A46F5E /* Alamofire.xcodeproj */;
			proxyType = 2;
			remoteGlobalIDString = 4CF626F81BA7CB3E0011A099;
			remoteInfo = "Alamofire tvOS Tests";
		};
		52528CF91F5C900500A46F5E /* PBXContainerItemProxy */ = {
			isa = PBXContainerItemProxy;
			containerPortal = 52528CE21F5C900500A46F5E /* Alamofire.xcodeproj */;
			proxyType = 2;
			remoteGlobalIDString = E4202FE01B667AA100C997FB;
			remoteInfo = "Alamofire watchOS";
		};
		52528D071F5C900E00A46F5E /* PBXContainerItemProxy */ = {
			isa = PBXContainerItemProxy;
			containerPortal = 52528CFB1F5C900D00A46F5E /* AlamofireImage.xcodeproj */;
			proxyType = 2;
			remoteGlobalIDString = 4C9043771AABBFC5001B4E60;
			remoteInfo = "AlamofireImage iOS";
		};
		52528D091F5C900E00A46F5E /* PBXContainerItemProxy */ = {
			isa = PBXContainerItemProxy;
			containerPortal = 52528CFB1F5C900D00A46F5E /* AlamofireImage.xcodeproj */;
			proxyType = 2;
			remoteGlobalIDString = 4C9043821AABBFC5001B4E60;
			remoteInfo = "AlamofireImage iOS Tests";
		};
		52528D0B1F5C900E00A46F5E /* PBXContainerItemProxy */ = {
			isa = PBXContainerItemProxy;
			containerPortal = 52528CFB1F5C900D00A46F5E /* AlamofireImage.xcodeproj */;
			proxyType = 2;
			remoteGlobalIDString = 4CE611321AABC24E00D35044;
			remoteInfo = "AlamofireImage macOS";
		};
		52528D0D1F5C900E00A46F5E /* PBXContainerItemProxy */ = {
			isa = PBXContainerItemProxy;
			containerPortal = 52528CFB1F5C900D00A46F5E /* AlamofireImage.xcodeproj */;
			proxyType = 2;
			remoteGlobalIDString = 4CE611471AABC5C900D35044;
			remoteInfo = "AlamofireImage macOS Tests";
		};
		52528D0F1F5C900E00A46F5E /* PBXContainerItemProxy */ = {
			isa = PBXContainerItemProxy;
			containerPortal = 52528CFB1F5C900D00A46F5E /* AlamofireImage.xcodeproj */;
			proxyType = 2;
			remoteGlobalIDString = 4C16B37D1BA9399500A66EF0;
			remoteInfo = "AlamofireImage tvOS";
		};
		52528D111F5C900E00A46F5E /* PBXContainerItemProxy */ = {
			isa = PBXContainerItemProxy;
			containerPortal = 52528CFB1F5C900D00A46F5E /* AlamofireImage.xcodeproj */;
			proxyType = 2;
			remoteGlobalIDString = 4C16B3861BA9399500A66EF0;
			remoteInfo = "AlamofireImage tvOS Tests";
		};
		52528D131F5C900E00A46F5E /* PBXContainerItemProxy */ = {
			isa = PBXContainerItemProxy;
			containerPortal = 52528CFB1F5C900D00A46F5E /* AlamofireImage.xcodeproj */;
			proxyType = 2;
			remoteGlobalIDString = 4C4D4EC11B92976900C96855;
			remoteInfo = "AlamofireImage watchOS";
		};
		52528D211F5C901300A46F5E /* PBXContainerItemProxy */ = {
			isa = PBXContainerItemProxy;
			containerPortal = 52528D151F5C901300A46F5E /* AlamofireObjectMapper.xcodeproj */;
			proxyType = 2;
			remoteGlobalIDString = 6AB2A0111AF26C36001EBB20;
			remoteInfo = "AlamofireObjectMapper iOS";
		};
		52528D231F5C901300A46F5E /* PBXContainerItemProxy */ = {
			isa = PBXContainerItemProxy;
			containerPortal = 52528D151F5C901300A46F5E /* AlamofireObjectMapper.xcodeproj */;
			proxyType = 2;
			remoteGlobalIDString = 6AB2A01C1AF26C36001EBB20;
			remoteInfo = "AlamofireObjectMapperTests iOS";
		};
		52528D251F5C901300A46F5E /* PBXContainerItemProxy */ = {
			isa = PBXContainerItemProxy;
			containerPortal = 52528D151F5C901300A46F5E /* AlamofireObjectMapper.xcodeproj */;
			proxyType = 2;
			remoteGlobalIDString = 6AB2A0851AF27DF1001EBB20;
			remoteInfo = "AlamofireObjectMapper OSX";
		};
		52528D271F5C901300A46F5E /* PBXContainerItemProxy */ = {
			isa = PBXContainerItemProxy;
			containerPortal = 52528D151F5C901300A46F5E /* AlamofireObjectMapper.xcodeproj */;
			proxyType = 2;
			remoteGlobalIDString = 6AB2A08F1AF27DF1001EBB20;
			remoteInfo = "AlamofireObjectMapperTests OSX";
		};
		52528D291F5C901300A46F5E /* PBXContainerItemProxy */ = {
			isa = PBXContainerItemProxy;
			containerPortal = 52528D151F5C901300A46F5E /* AlamofireObjectMapper.xcodeproj */;
			proxyType = 2;
			remoteGlobalIDString = 6AC692061BE3F69E004C119A;
			remoteInfo = "AlamofireObjectMapper tvOS";
		};
		52528D2B1F5C901300A46F5E /* PBXContainerItemProxy */ = {
			isa = PBXContainerItemProxy;
			containerPortal = 52528D151F5C901300A46F5E /* AlamofireObjectMapper.xcodeproj */;
			proxyType = 2;
			remoteGlobalIDString = 6AC692121BE3F7F5004C119A;
			remoteInfo = "AlamofireObjectMapperTests tvOS";
		};
		52528D2D1F5C901300A46F5E /* PBXContainerItemProxy */ = {
			isa = PBXContainerItemProxy;
			containerPortal = 52528D151F5C901300A46F5E /* AlamofireObjectMapper.xcodeproj */;
			proxyType = 2;
			remoteGlobalIDString = 6AC4580C1BA34C5600054758;
			remoteInfo = "AlamofireObjectMapper watchOS";
		};
		52528D391F5C901800A46F5E /* PBXContainerItemProxy */ = {
			isa = PBXContainerItemProxy;
			containerPortal = 52528D2F1F5C901700A46F5E /* ObjectMapper.xcodeproj */;
			proxyType = 2;
			remoteGlobalIDString = 6AAC8F7619F03C2900E7A677;
			remoteInfo = "ObjectMapper-iOS";
		};
		52528D3B1F5C901800A46F5E /* PBXContainerItemProxy */ = {
			isa = PBXContainerItemProxy;
			containerPortal = 52528D2F1F5C901700A46F5E /* ObjectMapper.xcodeproj */;
			proxyType = 2;
			remoteGlobalIDString = CD1602FF1AC023D5000CD69A;
			remoteInfo = "ObjectMapper-Mac";
		};
		52528D3D1F5C901800A46F5E /* PBXContainerItemProxy */ = {
			isa = PBXContainerItemProxy;
			containerPortal = 52528D2F1F5C901700A46F5E /* ObjectMapper.xcodeproj */;
			proxyType = 2;
			remoteGlobalIDString = 6A2AD03D1B2C78540097E150;
			remoteInfo = "ObjectMapper-watchOS";
		};
		52528D3F1F5C901800A46F5E /* PBXContainerItemProxy */ = {
			isa = PBXContainerItemProxy;
			containerPortal = 52528D2F1F5C901700A46F5E /* ObjectMapper.xcodeproj */;
			proxyType = 2;
			remoteGlobalIDString = 6A05B7A61BE274BE00F19B53;
			remoteInfo = "ObjectMapper-tvOS";
		};
		52528D411F5C901800A46F5E /* PBXContainerItemProxy */ = {
			isa = PBXContainerItemProxy;
			containerPortal = 52528D2F1F5C901700A46F5E /* ObjectMapper.xcodeproj */;
			proxyType = 2;
			remoteGlobalIDString = 6AAC8F8119F03C2900E7A677;
			remoteInfo = "ObjectMapper-iOSTests";
		};
		52528D431F5C901800A46F5E /* PBXContainerItemProxy */ = {
			isa = PBXContainerItemProxy;
			containerPortal = 52528D2F1F5C901700A46F5E /* ObjectMapper.xcodeproj */;
			proxyType = 2;
			remoteGlobalIDString = CD1603091AC023D6000CD69A;
			remoteInfo = "ObjectMapper-MacTests";
		};
		52528D451F5C901800A46F5E /* PBXContainerItemProxy */ = {
			isa = PBXContainerItemProxy;
			containerPortal = 52528D2F1F5C901700A46F5E /* ObjectMapper.xcodeproj */;
			proxyType = 2;
			remoteGlobalIDString = 6A05B7AF1BE274BE00F19B53;
			remoteInfo = "ObjectMapper-tvOSTests";
		};
		52528D491F5C902F00A46F5E /* PBXContainerItemProxy */ = {
			isa = PBXContainerItemProxy;
			containerPortal = 52528CE21F5C900500A46F5E /* Alamofire.xcodeproj */;
			proxyType = 1;
			remoteGlobalIDString = F8111E3219A95C8B0040E7D1;
			remoteInfo = "Alamofire iOS";
		};
		52528D4D1F5C902F00A46F5E /* PBXContainerItemProxy */ = {
			isa = PBXContainerItemProxy;
			containerPortal = 52528CFB1F5C900D00A46F5E /* AlamofireImage.xcodeproj */;
			proxyType = 1;
			remoteGlobalIDString = 4C9043761AABBFC5001B4E60;
			remoteInfo = "AlamofireImage iOS";
		};
		52528D511F5C902F00A46F5E /* PBXContainerItemProxy */ = {
			isa = PBXContainerItemProxy;
			containerPortal = 52528D151F5C901300A46F5E /* AlamofireObjectMapper.xcodeproj */;
			proxyType = 1;
			remoteGlobalIDString = 6AB2A0101AF26C36001EBB20;
			remoteInfo = "AlamofireObjectMapper iOS";
		};
		52528D551F5C902F00A46F5E /* PBXContainerItemProxy */ = {
			isa = PBXContainerItemProxy;
			containerPortal = 52528D2F1F5C901700A46F5E /* ObjectMapper.xcodeproj */;
			proxyType = 1;
			remoteGlobalIDString = 6AAC8F7519F03C2900E7A677;
			remoteInfo = "ObjectMapper-iOS";
		};
		CE4CC1801F553B6C00D8244B /* PBXContainerItemProxy */ = {
			isa = PBXContainerItemProxy;
			containerPortal = CE4CC1631F553B6C00D8244B /* Project object */;
			proxyType = 1;
			remoteGlobalIDString = CE4CC16A1F553B6C00D8244B;
			remoteInfo = MyMapBook;
		};
		CE4CC18B1F553B6C00D8244B /* PBXContainerItemProxy */ = {
			isa = PBXContainerItemProxy;
			containerPortal = CE4CC1631F553B6C00D8244B /* Project object */;
			proxyType = 1;
			remoteGlobalIDString = CE4CC16A1F553B6C00D8244B;
			remoteInfo = MyMapBook;
		};
/* End PBXContainerItemProxy section */

/* Begin PBXCopyFilesBuildPhase section */
		CEFA46ED1F569EEC00A85EBF /* Copy Frameworks */ = {
			isa = PBXCopyFilesBuildPhase;
			buildActionMask = 2147483647;
			dstPath = "";
			dstSubfolderSpec = 10;
			files = (
				52528D481F5C902F00A46F5E /* Alamofire.framework in Copy Frameworks */,
				52528D501F5C902F00A46F5E /* AlamofireObjectMapper.framework in Copy Frameworks */,
				52528D541F5C902F00A46F5E /* ObjectMapper.framework in Copy Frameworks */,
				52528D4C1F5C902F00A46F5E /* AlamofireImage.framework in Copy Frameworks */,
			);
			name = "Copy Frameworks";
			runOnlyForDeploymentPostprocessing = 0;
		};
/* End PBXCopyFilesBuildPhase section */

/* Begin PBXFileReference section */
		520F02251F5ADFC30048A3FE /* CustomCalloutView.swift */ = {isa = PBXFileReference; fileEncoding = 4; lastKnownFileType = sourcecode.swift; path = CustomCalloutView.swift; sourceTree = "<group>"; };
		520F023B1F5ADFD30048A3FE /* CustomCalloutView.xib */ = {isa = PBXFileReference; fileEncoding = 4; lastKnownFileType = file.xib; path = CustomCalloutView.xib; sourceTree = "<group>"; };
		520F023D1F5B17940048A3FE /* Reachability.swift */ = {isa = PBXFileReference; fileEncoding = 4; lastKnownFileType = sourcecode.swift; path = Reachability.swift; sourceTree = "<group>"; };
		5252835F1F5BD7CE00A46F5E /* BaseViewController.swift */ = {isa = PBXFileReference; fileEncoding = 4; lastKnownFileType = sourcecode.swift; path = BaseViewController.swift; sourceTree = "<group>"; };
		5252837B1F5BEA8700A46F5E /* MediaAPI.swift */ = {isa = PBXFileReference; fileEncoding = 4; lastKnownFileType = sourcecode.swift; path = MediaAPI.swift; sourceTree = "<group>"; };
		525283811F5BFFA900A46F5E /* AuthenticateAPI.swift */ = {isa = PBXFileReference; fileEncoding = 4; lastKnownFileType = sourcecode.swift; path = AuthenticateAPI.swift; sourceTree = "<group>"; };
		525283861F5C0CC100A46F5E /* Connectivity.swift */ = {isa = PBXFileReference; fileEncoding = 4; lastKnownFileType = sourcecode.swift; path = Connectivity.swift; sourceTree = "<group>"; };
		525283891F5C1BC700A46F5E /* Constants.swift */ = {isa = PBXFileReference; fileEncoding = 4; lastKnownFileType = sourcecode.swift; path = Constants.swift; sourceTree = "<group>"; };
		525284401F5C8D7000A46F5E /* AppDelegate.swift */ = {isa = PBXFileReference; fileEncoding = 4; lastKnownFileType = sourcecode.swift; name = AppDelegate.swift; path = MyInstaMap/AppDelegate.swift; sourceTree = SOURCE_ROOT; };
		525284851F5C8DCD00A46F5E /* Base */ = {isa = PBXFileReference; lastKnownFileType = file.storyboard; name = Base; path = Base.lproj/LaunchScreen.storyboard; sourceTree = "<group>"; };
		525284871F5C8DCD00A46F5E /* Base */ = {isa = PBXFileReference; lastKnownFileType = file.storyboard; name = Base; path = Base.lproj/Main.storyboard; sourceTree = "<group>"; };
		52528CE21F5C900500A46F5E /* Alamofire.xcodeproj */ = {isa = PBXFileReference; lastKnownFileType = "wrapper.pb-project"; path = Alamofire.xcodeproj; sourceTree = "<group>"; };
		52528CFB1F5C900D00A46F5E /* AlamofireImage.xcodeproj */ = {isa = PBXFileReference; lastKnownFileType = "wrapper.pb-project"; path = AlamofireImage.xcodeproj; sourceTree = "<group>"; };
		52528D151F5C901300A46F5E /* AlamofireObjectMapper.xcodeproj */ = {isa = PBXFileReference; lastKnownFileType = "wrapper.pb-project"; path = AlamofireObjectMapper.xcodeproj; sourceTree = "<group>"; };
		52528D2F1F5C901700A46F5E /* ObjectMapper.xcodeproj */ = {isa = PBXFileReference; lastKnownFileType = "wrapper.pb-project"; path = ObjectMapper.xcodeproj; sourceTree = "<group>"; };
		525B62D01F5999DA00FAB0B4 /* MediaSearchAnnotation.swift */ = {isa = PBXFileReference; fileEncoding = 4; lastKnownFileType = sourcecode.swift; path = MediaSearchAnnotation.swift; sourceTree = "<group>"; };
		525B62D21F59C37F00FAB0B4 /* CustomMKAnnotationView.swift */ = {isa = PBXFileReference; fileEncoding = 4; lastKnownFileType = sourcecode.swift; path = CustomMKAnnotationView.swift; sourceTree = "<group>"; };
		5289CBC21F5CEF2D00BC37DE /* QuartzCore.framework */ = {isa = PBXFileReference; lastKnownFileType = wrapper.framework; name = QuartzCore.framework; path = System/Library/Frameworks/QuartzCore.framework; sourceTree = SDKROOT; };
		5289CBDE1F5D182100BC37DE /* DateExtension.swift */ = {isa = PBXFileReference; fileEncoding = 4; lastKnownFileType = sourcecode.swift; path = DateExtension.swift; sourceTree = "<group>"; };
		5289CBE01F5D4F7400BC37DE /* ErrorExtension.swift */ = {isa = PBXFileReference; fileEncoding = 4; lastKnownFileType = sourcecode.swift; path = ErrorExtension.swift; sourceTree = "<group>"; };
		52F6CD271F57CC8D0056F02F /* LoginViewController.swift */ = {isa = PBXFileReference; fileEncoding = 4; lastKnownFileType = sourcecode.swift; path = LoginViewController.swift; sourceTree = "<group>"; };
		CE4CC16B1F553B6C00D8244B /* MyInstaMap.app */ = {isa = PBXFileReference; explicitFileType = wrapper.application; includeInIndex = 0; path = MyInstaMap.app; sourceTree = BUILT_PRODUCTS_DIR; };
		CE4CC1701F553B6C00D8244B /* InstaMapViewController.swift */ = {isa = PBXFileReference; lastKnownFileType = sourcecode.swift; path = InstaMapViewController.swift; sourceTree = "<group>"; };
		CE4CC1751F553B6C00D8244B /* Assets.xcassets */ = {isa = PBXFileReference; lastKnownFileType = folder.assetcatalog; path = Assets.xcassets; sourceTree = "<group>"; };
		CE4CC17A1F553B6C00D8244B /* Info.plist */ = {isa = PBXFileReference; lastKnownFileType = text.plist.xml; path = Info.plist; sourceTree = "<group>"; };
		CE4CC17F1F553B6C00D8244B /* MyInstaMapTests.xctest */ = {isa = PBXFileReference; explicitFileType = wrapper.cfbundle; includeInIndex = 0; path = MyInstaMapTests.xctest; sourceTree = BUILT_PRODUCTS_DIR; };
		CE4CC1831F553B6C00D8244B /* MyInstaMapTests.swift */ = {isa = PBXFileReference; lastKnownFileType = sourcecode.swift; name = MyInstaMapTests.swift; path = MyInstaMapTests/MyInstaMapTests.swift; sourceTree = "<group>"; };
		CE4CC1851F553B6C00D8244B /* Info.plist */ = {isa = PBXFileReference; lastKnownFileType = text.plist; name = Info.plist; path = MyInstaMapTests/Info.plist; sourceTree = "<group>"; };
		CE4CC18A1F553B6C00D8244B /* MyInstaMapUITests.xctest */ = {isa = PBXFileReference; explicitFileType = wrapper.cfbundle; includeInIndex = 0; path = MyInstaMapUITests.xctest; sourceTree = BUILT_PRODUCTS_DIR; };
		CE4CC18E1F553B6C00D8244B /* MyInstaMapUITests.swift */ = {isa = PBXFileReference; lastKnownFileType = sourcecode.swift; name = MyInstaMapUITests.swift; path = MyInstaMapUITests/MyInstaMapUITests.swift; sourceTree = "<group>"; };
		CE4CC1901F553B6C00D8244B /* Info.plist */ = {isa = PBXFileReference; lastKnownFileType = text.plist; name = Info.plist; path = MyInstaMapUITests/Info.plist; sourceTree = "<group>"; };
		CEFA46EF1F56A32F00A85EBF /* data.json */ = {isa = PBXFileReference; fileEncoding = 4; lastKnownFileType = text.json; path = data.json; sourceTree = "<group>"; };
		CEFA46F11F56BF9000A85EBF /* MediaSearchModel.swift */ = {isa = PBXFileReference; fileEncoding = 4; lastKnownFileType = sourcecode.swift; path = MediaSearchModel.swift; sourceTree = "<group>"; };
/* End PBXFileReference section */

/* Begin PBXFrameworksBuildPhase section */
		CE4CC1681F553B6C00D8244B /* Frameworks */ = {
			isa = PBXFrameworksBuildPhase;
			buildActionMask = 2147483647;
			files = (
				5289CBC31F5CEF2D00BC37DE /* QuartzCore.framework in Frameworks */,
				52528D471F5C902F00A46F5E /* Alamofire.framework in Frameworks */,
				52528D4F1F5C902F00A46F5E /* AlamofireObjectMapper.framework in Frameworks */,
				52528D531F5C902F00A46F5E /* ObjectMapper.framework in Frameworks */,
				52528D4B1F5C902F00A46F5E /* AlamofireImage.framework in Frameworks */,
			);
			runOnlyForDeploymentPostprocessing = 0;
		};
		CE4CC17C1F553B6C00D8244B /* Frameworks */ = {
			isa = PBXFrameworksBuildPhase;
			buildActionMask = 2147483647;
			files = (
			);
			runOnlyForDeploymentPostprocessing = 0;
		};
		CE4CC1871F553B6C00D8244B /* Frameworks */ = {
			isa = PBXFrameworksBuildPhase;
			buildActionMask = 2147483647;
			files = (
			);
			runOnlyForDeploymentPostprocessing = 0;
		};
/* End PBXFrameworksBuildPhase section */

/* Begin PBXGroup section */
		525283751F5BE66200A46F5E /* View */ = {
			isa = PBXGroup;
			children = (
				520F02251F5ADFC30048A3FE /* CustomCalloutView.swift */,
				520F023B1F5ADFD30048A3FE /* CustomCalloutView.xib */,
				525B62D21F59C37F00FAB0B4 /* CustomMKAnnotationView.swift */,
			);
			name = View;
			sourceTree = "<group>";
		};
		525283761F5BE66700A46F5E /* Controller */ = {
			isa = PBXGroup;
			children = (
				5252835F1F5BD7CE00A46F5E /* BaseViewController.swift */,
				52F6CD271F57CC8D0056F02F /* LoginViewController.swift */,
				CE4CC1701F553B6C00D8244B /* InstaMapViewController.swift */,
			);
			name = Controller;
			sourceTree = "<group>";
		};
		525283771F5BE66D00A46F5E /* Model */ = {
			isa = PBXGroup;
			children = (
				525B62D01F5999DA00FAB0B4 /* MediaSearchAnnotation.swift */,
				CEFA46F11F56BF9000A85EBF /* MediaSearchModel.swift */,
			);
			name = Model;
			sourceTree = "<group>";
		};
		5252837A1F5BE74100A46F5E /* API */ = {
			isa = PBXGroup;
			children = (
				525283811F5BFFA900A46F5E /* AuthenticateAPI.swift */,
				5252837B1F5BEA8700A46F5E /* MediaAPI.swift */,
			);
			name = API;
			sourceTree = "<group>";
		};
		525283851F5C0CB300A46F5E /* Helper */ = {
			isa = PBXGroup;
			children = (
				525283861F5C0CC100A46F5E /* Connectivity.swift */,
				520F023D1F5B17940048A3FE /* Reachability.swift */,
				525283891F5C1BC700A46F5E /* Constants.swift */,
				5289CBDE1F5D182100BC37DE /* DateExtension.swift */,
				5289CBE01F5D4F7400BC37DE /* ErrorExtension.swift */,
			);
			name = Helper;
			sourceTree = "<group>";
		};
		5252848E1F5C8FA300A46F5E /* ThirdParty */ = {
			isa = PBXGroup;
			children = (
				525288C51F5C8FDE00A46F5E /* Alamofire */,
				525289A11F5C8FDE00A46F5E /* AlamofireImage */,
				52528A781F5C8FDF00A46F5E /* AlamofireObjectMapper */,
				52528A961F5C8FDF00A46F5E /* ObjectMapper */,
			);
			path = ThirdParty;
			sourceTree = "<group>";
		};
		525288C51F5C8FDE00A46F5E /* Alamofire */ = {
			isa = PBXGroup;
			children = (
				52528CE21F5C900500A46F5E /* Alamofire.xcodeproj */,
			);
			path = Alamofire;
			sourceTree = "<group>";
		};
		525289A11F5C8FDE00A46F5E /* AlamofireImage */ = {
			isa = PBXGroup;
			children = (
				52528CFB1F5C900D00A46F5E /* AlamofireImage.xcodeproj */,
			);
			path = AlamofireImage;
			sourceTree = "<group>";
		};
		52528A781F5C8FDF00A46F5E /* AlamofireObjectMapper */ = {
			isa = PBXGroup;
			children = (
				52528D151F5C901300A46F5E /* AlamofireObjectMapper.xcodeproj */,
			);
			path = AlamofireObjectMapper;
			sourceTree = "<group>";
		};
		52528A961F5C8FDF00A46F5E /* ObjectMapper */ = {
			isa = PBXGroup;
			children = (
				52528D2F1F5C901700A46F5E /* ObjectMapper.xcodeproj */,
			);
			path = ObjectMapper;
			sourceTree = "<group>";
		};
		52528CE31F5C900500A46F5E /* Products */ = {
			isa = PBXGroup;
			children = (
				52528CEE1F5C900500A46F5E /* Alamofire.framework */,
				52528CF01F5C900500A46F5E /* Alamofire iOS Tests.xctest */,
				52528CF21F5C900500A46F5E /* Alamofire.framework */,
				52528CF41F5C900500A46F5E /* Alamofire macOS Tests.xctest */,
				52528CF61F5C900500A46F5E /* Alamofire.framework */,
				52528CF81F5C900500A46F5E /* Alamofire tvOS Tests.xctest */,
				52528CFA1F5C900500A46F5E /* Alamofire.framework */,
			);
			name = Products;
			sourceTree = "<group>";
		};
		52528CFC1F5C900D00A46F5E /* Products */ = {
			isa = PBXGroup;
			children = (
				52528D081F5C900E00A46F5E /* AlamofireImage.framework */,
				52528D0A1F5C900E00A46F5E /* AlamofireImage iOS Tests.xctest */,
				52528D0C1F5C900E00A46F5E /* AlamofireImage.framework */,
				52528D0E1F5C900E00A46F5E /* AlamofireImage macOS Tests.xctest */,
				52528D101F5C900E00A46F5E /* AlamofireImage.framework */,
				52528D121F5C900E00A46F5E /* AlamofireImage tvOS Tests.xctest */,
				52528D141F5C900E00A46F5E /* AlamofireImage.framework */,
			);
			name = Products;
			sourceTree = "<group>";
		};
		52528D161F5C901300A46F5E /* Products */ = {
			isa = PBXGroup;
			children = (
				52528D221F5C901300A46F5E /* AlamofireObjectMapper.framework */,
				52528D241F5C901300A46F5E /* AlamofireObjectMapperTests iOS.xctest */,
				52528D261F5C901300A46F5E /* AlamofireObjectMapper.framework */,
				52528D281F5C901300A46F5E /* AlamofireObjectMapperTests OSX.xctest */,
				52528D2A1F5C901300A46F5E /* AlamofireObjectMapper.framework */,
				52528D2C1F5C901300A46F5E /* AlamofireObjectMapperTests tvOS.xctest */,
				52528D2E1F5C901300A46F5E /* AlamofireObjectMapper.framework */,
			);
			name = Products;
			sourceTree = "<group>";
		};
		52528D301F5C901700A46F5E /* Products */ = {
			isa = PBXGroup;
			children = (
				52528D3A1F5C901800A46F5E /* ObjectMapper.framework */,
				52528D3C1F5C901800A46F5E /* ObjectMapper.framework */,
				52528D3E1F5C901800A46F5E /* ObjectMapper.framework */,
				52528D401F5C901800A46F5E /* ObjectMapper.framework */,
				52528D421F5C901800A46F5E /* ObjectMapper-iOSTests.xctest */,
				52528D441F5C901800A46F5E /* ObjectMapper-MacTests.xctest */,
				52528D461F5C901800A46F5E /* ObjectMapper-tvOSTests.xctest */,
			);
			name = Products;
			sourceTree = "<group>";
		};
		52528D571F5C908E00A46F5E /* supporting files */ = {
			isa = PBXGroup;
			children = (
				525284401F5C8D7000A46F5E /* AppDelegate.swift */,
				CE4CC1751F553B6C00D8244B /* Assets.xcassets */,
				CEFA46EF1F56A32F00A85EBF /* data.json */,
				CE4CC17A1F553B6C00D8244B /* Info.plist */,
				525284841F5C8DCD00A46F5E /* LaunchScreen.storyboard */,
				525284861F5C8DCD00A46F5E /* Main.storyboard */,
			);
			name = "supporting files";
			sourceTree = "<group>";
		};
		5289CBC11F5CEF2D00BC37DE /* Frameworks */ = {
			isa = PBXGroup;
			children = (
				5289CBC21F5CEF2D00BC37DE /* QuartzCore.framework */,
			);
			name = Frameworks;
			sourceTree = "<group>";
		};
		CE4CC1621F553B6C00D8244B = {
			isa = PBXGroup;
			children = (
				5252848E1F5C8FA300A46F5E /* ThirdParty */,
				CE4CC16D1F553B6C00D8244B /* MyInstaMap */,
				CE4CC1821F553B6C00D8244B /* MyInstaMapTests */,
				CE4CC18D1F553B6C00D8244B /* MyInstaMapUITests */,
				CE4CC16C1F553B6C00D8244B /* Products */,
				5289CBC11F5CEF2D00BC37DE /* Frameworks */,
			);
			sourceTree = "<group>";
		};
		CE4CC16C1F553B6C00D8244B /* Products */ = {
			isa = PBXGroup;
			children = (
				CE4CC16B1F553B6C00D8244B /* MyInstaMap.app */,
				CE4CC17F1F553B6C00D8244B /* MyInstaMapTests.xctest */,
				CE4CC18A1F553B6C00D8244B /* MyInstaMapUITests.xctest */,
			);
			name = Products;
			sourceTree = "<group>";
		};
		CE4CC16D1F553B6C00D8244B /* MyInstaMap */ = {
			isa = PBXGroup;
			children = (
				5252837A1F5BE74100A46F5E /* API */,
				525283851F5C0CB300A46F5E /* Helper */,
				525283771F5BE66D00A46F5E /* Model */,
				525283751F5BE66200A46F5E /* View */,
				525283761F5BE66700A46F5E /* Controller */,
				52528D571F5C908E00A46F5E /* supporting files */,
			);
			path = MyInstaMap;
			sourceTree = "<group>";
		};
		CE4CC1821F553B6C00D8244B /* MyInstaMapTests */ = {
			isa = PBXGroup;
			children = (
				CE4CC1831F553B6C00D8244B /* MyInstaMapTests.swift */,
				CE4CC1851F553B6C00D8244B /* Info.plist */,
			);
			name = MyInstaMapTests;
			path = MyMapBookTests;
			sourceTree = "<group>";
		};
		CE4CC18D1F553B6C00D8244B /* MyInstaMapUITests */ = {
			isa = PBXGroup;
			children = (
				CE4CC18E1F553B6C00D8244B /* MyInstaMapUITests.swift */,
				CE4CC1901F553B6C00D8244B /* Info.plist */,
			);
			name = MyInstaMapUITests;
			path = MyMapBookUITests;
			sourceTree = "<group>";
		};
/* End PBXGroup section */

/* Begin PBXNativeTarget section */
		CE4CC16A1F553B6C00D8244B /* MyInstaMap */ = {
			isa = PBXNativeTarget;
			buildConfigurationList = CE4CC1931F553B6C00D8244B /* Build configuration list for PBXNativeTarget "MyInstaMap" */;
			buildPhases = (
				CE4CC1671F553B6C00D8244B /* Sources */,
				CE4CC1681F553B6C00D8244B /* Frameworks */,
				CE4CC1691F553B6C00D8244B /* Resources */,
				CEFA46ED1F569EEC00A85EBF /* Copy Frameworks */,
			);
			buildRules = (
			);
			dependencies = (
				52528D4A1F5C902F00A46F5E /* PBXTargetDependency */,
				52528D4E1F5C902F00A46F5E /* PBXTargetDependency */,
				52528D521F5C902F00A46F5E /* PBXTargetDependency */,
				52528D561F5C902F00A46F5E /* PBXTargetDependency */,
			);
			name = MyInstaMap;
			productName = MyMapBook;
			productReference = CE4CC16B1F553B6C00D8244B /* MyInstaMap.app */;
			productType = "com.apple.product-type.application";
		};
		CE4CC17E1F553B6C00D8244B /* MyInstaMapTests */ = {
			isa = PBXNativeTarget;
			buildConfigurationList = CE4CC1961F553B6C00D8244B /* Build configuration list for PBXNativeTarget "MyInstaMapTests" */;
			buildPhases = (
				CE4CC17B1F553B6C00D8244B /* Sources */,
				CE4CC17C1F553B6C00D8244B /* Frameworks */,
				CE4CC17D1F553B6C00D8244B /* Resources */,
			);
			buildRules = (
			);
			dependencies = (
				CE4CC1811F553B6C00D8244B /* PBXTargetDependency */,
			);
			name = MyInstaMapTests;
			productName = MyMapBookTests;
			productReference = CE4CC17F1F553B6C00D8244B /* MyInstaMapTests.xctest */;
			productType = "com.apple.product-type.bundle.unit-test";
		};
		CE4CC1891F553B6C00D8244B /* MyInstaMapUITests */ = {
			isa = PBXNativeTarget;
			buildConfigurationList = CE4CC1991F553B6C00D8244B /* Build configuration list for PBXNativeTarget "MyInstaMapUITests" */;
			buildPhases = (
				CE4CC1861F553B6C00D8244B /* Sources */,
				CE4CC1871F553B6C00D8244B /* Frameworks */,
				CE4CC1881F553B6C00D8244B /* Resources */,
			);
			buildRules = (
			);
			dependencies = (
				CE4CC18C1F553B6C00D8244B /* PBXTargetDependency */,
			);
			name = MyInstaMapUITests;
			productName = MyMapBookUITests;
			productReference = CE4CC18A1F553B6C00D8244B /* MyInstaMapUITests.xctest */;
			productType = "com.apple.product-type.bundle.ui-testing";
		};
/* End PBXNativeTarget section */

/* Begin PBXProject section */
		CE4CC1631F553B6C00D8244B /* Project object */ = {
			isa = PBXProject;
			attributes = {
				LastSwiftUpdateCheck = 0830;
				LastUpgradeCheck = 0830;
				ORGANIZATIONNAME = User;
				TargetAttributes = {
					CE4CC16A1F553B6C00D8244B = {
						CreatedOnToolsVersion = 8.3.3;
						DevelopmentTeam = 2N3VATPC25;
						ProvisioningStyle = Automatic;
					};
					CE4CC17E1F553B6C00D8244B = {
						CreatedOnToolsVersion = 8.3.3;
						DevelopmentTeam = 2N3VATPC25;
						ProvisioningStyle = Automatic;
						TestTargetID = CE4CC16A1F553B6C00D8244B;
					};
					CE4CC1891F553B6C00D8244B = {
						CreatedOnToolsVersion = 8.3.3;
						DevelopmentTeam = 2N3VATPC25;
						ProvisioningStyle = Automatic;
						TestTargetID = CE4CC16A1F553B6C00D8244B;
					};
				};
			};
			buildConfigurationList = CE4CC1661F553B6C00D8244B /* Build configuration list for PBXProject "MyInstaMap" */;
			compatibilityVersion = "Xcode 3.2";
			developmentRegion = English;
			hasScannedForEncodings = 0;
			knownRegions = (
				en,
				Base,
			);
			mainGroup = CE4CC1621F553B6C00D8244B;
			productRefGroup = CE4CC16C1F553B6C00D8244B /* Products */;
			projectDirPath = "";
			projectReferences = (
				{
					ProductGroup = 52528CE31F5C900500A46F5E /* Products */;
					ProjectRef = 52528CE21F5C900500A46F5E /* Alamofire.xcodeproj */;
				},
				{
					ProductGroup = 52528CFC1F5C900D00A46F5E /* Products */;
					ProjectRef = 52528CFB1F5C900D00A46F5E /* AlamofireImage.xcodeproj */;
				},
				{
					ProductGroup = 52528D161F5C901300A46F5E /* Products */;
					ProjectRef = 52528D151F5C901300A46F5E /* AlamofireObjectMapper.xcodeproj */;
				},
				{
					ProductGroup = 52528D301F5C901700A46F5E /* Products */;
					ProjectRef = 52528D2F1F5C901700A46F5E /* ObjectMapper.xcodeproj */;
				},
			);
			projectRoot = "";
			targets = (
				CE4CC16A1F553B6C00D8244B /* MyInstaMap */,
				CE4CC17E1F553B6C00D8244B /* MyInstaMapTests */,
				CE4CC1891F553B6C00D8244B /* MyInstaMapUITests */,
			);
		};
/* End PBXProject section */

/* Begin PBXReferenceProxy section */
		52528CEE1F5C900500A46F5E /* Alamofire.framework */ = {
			isa = PBXReferenceProxy;
			fileType = wrapper.framework;
			path = Alamofire.framework;
			remoteRef = 52528CED1F5C900500A46F5E /* PBXContainerItemProxy */;
			sourceTree = BUILT_PRODUCTS_DIR;
		};
		52528CF01F5C900500A46F5E /* Alamofire iOS Tests.xctest */ = {
			isa = PBXReferenceProxy;
			fileType = wrapper.cfbundle;
			path = "Alamofire iOS Tests.xctest";
			remoteRef = 52528CEF1F5C900500A46F5E /* PBXContainerItemProxy */;
			sourceTree = BUILT_PRODUCTS_DIR;
		};
		52528CF21F5C900500A46F5E /* Alamofire.framework */ = {
			isa = PBXReferenceProxy;
			fileType = wrapper.framework;
			path = Alamofire.framework;
			remoteRef = 52528CF11F5C900500A46F5E /* PBXContainerItemProxy */;
			sourceTree = BUILT_PRODUCTS_DIR;
		};
		52528CF41F5C900500A46F5E /* Alamofire macOS Tests.xctest */ = {
			isa = PBXReferenceProxy;
			fileType = wrapper.cfbundle;
			path = "Alamofire macOS Tests.xctest";
			remoteRef = 52528CF31F5C900500A46F5E /* PBXContainerItemProxy */;
			sourceTree = BUILT_PRODUCTS_DIR;
		};
		52528CF61F5C900500A46F5E /* Alamofire.framework */ = {
			isa = PBXReferenceProxy;
			fileType = wrapper.framework;
			path = Alamofire.framework;
			remoteRef = 52528CF51F5C900500A46F5E /* PBXContainerItemProxy */;
			sourceTree = BUILT_PRODUCTS_DIR;
		};
		52528CF81F5C900500A46F5E /* Alamofire tvOS Tests.xctest */ = {
			isa = PBXReferenceProxy;
			fileType = wrapper.cfbundle;
			path = "Alamofire tvOS Tests.xctest";
			remoteRef = 52528CF71F5C900500A46F5E /* PBXContainerItemProxy */;
			sourceTree = BUILT_PRODUCTS_DIR;
		};
		52528CFA1F5C900500A46F5E /* Alamofire.framework */ = {
			isa = PBXReferenceProxy;
			fileType = wrapper.framework;
			path = Alamofire.framework;
			remoteRef = 52528CF91F5C900500A46F5E /* PBXContainerItemProxy */;
			sourceTree = BUILT_PRODUCTS_DIR;
		};
		52528D081F5C900E00A46F5E /* AlamofireImage.framework */ = {
			isa = PBXReferenceProxy;
			fileType = wrapper.framework;
			path = AlamofireImage.framework;
			remoteRef = 52528D071F5C900E00A46F5E /* PBXContainerItemProxy */;
			sourceTree = BUILT_PRODUCTS_DIR;
		};
		52528D0A1F5C900E00A46F5E /* AlamofireImage iOS Tests.xctest */ = {
			isa = PBXReferenceProxy;
			fileType = wrapper.cfbundle;
			path = "AlamofireImage iOS Tests.xctest";
			remoteRef = 52528D091F5C900E00A46F5E /* PBXContainerItemProxy */;
			sourceTree = BUILT_PRODUCTS_DIR;
		};
		52528D0C1F5C900E00A46F5E /* AlamofireImage.framework */ = {
			isa = PBXReferenceProxy;
			fileType = wrapper.framework;
			path = AlamofireImage.framework;
			remoteRef = 52528D0B1F5C900E00A46F5E /* PBXContainerItemProxy */;
			sourceTree = BUILT_PRODUCTS_DIR;
		};
		52528D0E1F5C900E00A46F5E /* AlamofireImage macOS Tests.xctest */ = {
			isa = PBXReferenceProxy;
			fileType = wrapper.cfbundle;
			path = "AlamofireImage macOS Tests.xctest";
			remoteRef = 52528D0D1F5C900E00A46F5E /* PBXContainerItemProxy */;
			sourceTree = BUILT_PRODUCTS_DIR;
		};
		52528D101F5C900E00A46F5E /* AlamofireImage.framework */ = {
			isa = PBXReferenceProxy;
			fileType = wrapper.framework;
			path = AlamofireImage.framework;
			remoteRef = 52528D0F1F5C900E00A46F5E /* PBXContainerItemProxy */;
			sourceTree = BUILT_PRODUCTS_DIR;
		};
		52528D121F5C900E00A46F5E /* AlamofireImage tvOS Tests.xctest */ = {
			isa = PBXReferenceProxy;
			fileType = wrapper.cfbundle;
			path = "AlamofireImage tvOS Tests.xctest";
			remoteRef = 52528D111F5C900E00A46F5E /* PBXContainerItemProxy */;
			sourceTree = BUILT_PRODUCTS_DIR;
		};
		52528D141F5C900E00A46F5E /* AlamofireImage.framework */ = {
			isa = PBXReferenceProxy;
			fileType = wrapper.framework;
			path = AlamofireImage.framework;
			remoteRef = 52528D131F5C900E00A46F5E /* PBXContainerItemProxy */;
			sourceTree = BUILT_PRODUCTS_DIR;
		};
		52528D221F5C901300A46F5E /* AlamofireObjectMapper.framework */ = {
			isa = PBXReferenceProxy;
			fileType = wrapper.framework;
			path = AlamofireObjectMapper.framework;
			remoteRef = 52528D211F5C901300A46F5E /* PBXContainerItemProxy */;
			sourceTree = BUILT_PRODUCTS_DIR;
		};
		52528D241F5C901300A46F5E /* AlamofireObjectMapperTests iOS.xctest */ = {
			isa = PBXReferenceProxy;
			fileType = wrapper.cfbundle;
			path = "AlamofireObjectMapperTests iOS.xctest";
			remoteRef = 52528D231F5C901300A46F5E /* PBXContainerItemProxy */;
			sourceTree = BUILT_PRODUCTS_DIR;
		};
		52528D261F5C901300A46F5E /* AlamofireObjectMapper.framework */ = {
			isa = PBXReferenceProxy;
			fileType = wrapper.framework;
			path = AlamofireObjectMapper.framework;
			remoteRef = 52528D251F5C901300A46F5E /* PBXContainerItemProxy */;
			sourceTree = BUILT_PRODUCTS_DIR;
		};
		52528D281F5C901300A46F5E /* AlamofireObjectMapperTests OSX.xctest */ = {
			isa = PBXReferenceProxy;
			fileType = wrapper.cfbundle;
			path = "AlamofireObjectMapperTests OSX.xctest";
			remoteRef = 52528D271F5C901300A46F5E /* PBXContainerItemProxy */;
			sourceTree = BUILT_PRODUCTS_DIR;
		};
		52528D2A1F5C901300A46F5E /* AlamofireObjectMapper.framework */ = {
			isa = PBXReferenceProxy;
			fileType = wrapper.framework;
			path = AlamofireObjectMapper.framework;
			remoteRef = 52528D291F5C901300A46F5E /* PBXContainerItemProxy */;
			sourceTree = BUILT_PRODUCTS_DIR;
		};
		52528D2C1F5C901300A46F5E /* AlamofireObjectMapperTests tvOS.xctest */ = {
			isa = PBXReferenceProxy;
			fileType = wrapper.cfbundle;
			path = "AlamofireObjectMapperTests tvOS.xctest";
			remoteRef = 52528D2B1F5C901300A46F5E /* PBXContainerItemProxy */;
			sourceTree = BUILT_PRODUCTS_DIR;
		};
		52528D2E1F5C901300A46F5E /* AlamofireObjectMapper.framework */ = {
			isa = PBXReferenceProxy;
			fileType = wrapper.framework;
			path = AlamofireObjectMapper.framework;
			remoteRef = 52528D2D1F5C901300A46F5E /* PBXContainerItemProxy */;
			sourceTree = BUILT_PRODUCTS_DIR;
		};
		52528D3A1F5C901800A46F5E /* ObjectMapper.framework */ = {
			isa = PBXReferenceProxy;
			fileType = wrapper.framework;
			path = ObjectMapper.framework;
			remoteRef = 52528D391F5C901800A46F5E /* PBXContainerItemProxy */;
			sourceTree = BUILT_PRODUCTS_DIR;
		};
		52528D3C1F5C901800A46F5E /* ObjectMapper.framework */ = {
			isa = PBXReferenceProxy;
			fileType = wrapper.framework;
			path = ObjectMapper.framework;
			remoteRef = 52528D3B1F5C901800A46F5E /* PBXContainerItemProxy */;
			sourceTree = BUILT_PRODUCTS_DIR;
		};
		52528D3E1F5C901800A46F5E /* ObjectMapper.framework */ = {
			isa = PBXReferenceProxy;
			fileType = wrapper.framework;
			path = ObjectMapper.framework;
			remoteRef = 52528D3D1F5C901800A46F5E /* PBXContainerItemProxy */;
			sourceTree = BUILT_PRODUCTS_DIR;
		};
		52528D401F5C901800A46F5E /* ObjectMapper.framework */ = {
			isa = PBXReferenceProxy;
			fileType = wrapper.framework;
			path = ObjectMapper.framework;
			remoteRef = 52528D3F1F5C901800A46F5E /* PBXContainerItemProxy */;
			sourceTree = BUILT_PRODUCTS_DIR;
		};
		52528D421F5C901800A46F5E /* ObjectMapper-iOSTests.xctest */ = {
			isa = PBXReferenceProxy;
			fileType = wrapper.cfbundle;
			path = "ObjectMapper-iOSTests.xctest";
			remoteRef = 52528D411F5C901800A46F5E /* PBXContainerItemProxy */;
			sourceTree = BUILT_PRODUCTS_DIR;
		};
		52528D441F5C901800A46F5E /* ObjectMapper-MacTests.xctest */ = {
			isa = PBXReferenceProxy;
			fileType = wrapper.cfbundle;
			path = "ObjectMapper-MacTests.xctest";
			remoteRef = 52528D431F5C901800A46F5E /* PBXContainerItemProxy */;
			sourceTree = BUILT_PRODUCTS_DIR;
		};
		52528D461F5C901800A46F5E /* ObjectMapper-tvOSTests.xctest */ = {
			isa = PBXReferenceProxy;
			fileType = wrapper.cfbundle;
			path = "ObjectMapper-tvOSTests.xctest";
			remoteRef = 52528D451F5C901800A46F5E /* PBXContainerItemProxy */;
			sourceTree = BUILT_PRODUCTS_DIR;
		};
/* End PBXReferenceProxy section */

/* Begin PBXResourcesBuildPhase section */
		CE4CC1691F553B6C00D8244B /* Resources */ = {
			isa = PBXResourcesBuildPhase;
			buildActionMask = 2147483647;
			files = (
				CE4CC1761F553B6C00D8244B /* Assets.xcassets in Resources */,
				525284891F5C8DCD00A46F5E /* Main.storyboard in Resources */,
				525284881F5C8DCD00A46F5E /* LaunchScreen.storyboard in Resources */,
				520F023C1F5ADFD30048A3FE /* CustomCalloutView.xib in Resources */,
				CEFA46F01F56A32F00A85EBF /* data.json in Resources */,
			);
			runOnlyForDeploymentPostprocessing = 0;
		};
		CE4CC17D1F553B6C00D8244B /* Resources */ = {
			isa = PBXResourcesBuildPhase;
			buildActionMask = 2147483647;
			files = (
			);
			runOnlyForDeploymentPostprocessing = 0;
		};
		CE4CC1881F553B6C00D8244B /* Resources */ = {
			isa = PBXResourcesBuildPhase;
			buildActionMask = 2147483647;
			files = (
			);
			runOnlyForDeploymentPostprocessing = 0;
		};
/* End PBXResourcesBuildPhase section */

/* Begin PBXSourcesBuildPhase section */
		CE4CC1671F553B6C00D8244B /* Sources */ = {
			isa = PBXSourcesBuildPhase;
			buildActionMask = 2147483647;
			files = (
				525B62D31F59C37F00FAB0B4 /* CustomMKAnnotationView.swift in Sources */,
				5289CBE11F5D4F7400BC37DE /* ErrorExtension.swift in Sources */,
				52F6CD281F57CC8D0056F02F /* LoginViewController.swift in Sources */,
				5252837C1F5BEA8700A46F5E /* MediaAPI.swift in Sources */,
				525283601F5BD7CE00A46F5E /* BaseViewController.swift in Sources */,
				5252838A1F5C1BC700A46F5E /* Constants.swift in Sources */,
				5289CBDF1F5D182100BC37DE /* DateExtension.swift in Sources */,
				525283821F5BFFA900A46F5E /* AuthenticateAPI.swift in Sources */,
				525283871F5C0CC100A46F5E /* Connectivity.swift in Sources */,
				520F02261F5ADFC30048A3FE /* CustomCalloutView.swift in Sources */,
				525284411F5C8D7000A46F5E /* AppDelegate.swift in Sources */,
				CE4CC1711F553B6C00D8244B /* InstaMapViewController.swift in Sources */,
				525B62D11F5999DA00FAB0B4 /* MediaSearchAnnotation.swift in Sources */,
				520F023E1F5B17940048A3FE /* Reachability.swift in Sources */,
				CEFA46F21F56BF9000A85EBF /* MediaSearchModel.swift in Sources */,
			);
			runOnlyForDeploymentPostprocessing = 0;
		};
		CE4CC17B1F553B6C00D8244B /* Sources */ = {
			isa = PBXSourcesBuildPhase;
			buildActionMask = 2147483647;
			files = (
				CE4CC1841F553B6C00D8244B /* MyInstaMapTests.swift in Sources */,
			);
			runOnlyForDeploymentPostprocessing = 0;
		};
		CE4CC1861F553B6C00D8244B /* Sources */ = {
			isa = PBXSourcesBuildPhase;
			buildActionMask = 2147483647;
			files = (
				CE4CC18F1F553B6C00D8244B /* MyInstaMapUITests.swift in Sources */,
			);
			runOnlyForDeploymentPostprocessing = 0;
		};
/* End PBXSourcesBuildPhase section */

/* Begin PBXTargetDependency section */
		52528D4A1F5C902F00A46F5E /* PBXTargetDependency */ = {
			isa = PBXTargetDependency;
			name = "Alamofire iOS";
			targetProxy = 52528D491F5C902F00A46F5E /* PBXContainerItemProxy */;
		};
		52528D4E1F5C902F00A46F5E /* PBXTargetDependency */ = {
			isa = PBXTargetDependency;
			name = "AlamofireImage iOS";
			targetProxy = 52528D4D1F5C902F00A46F5E /* PBXContainerItemProxy */;
		};
		52528D521F5C902F00A46F5E /* PBXTargetDependency */ = {
			isa = PBXTargetDependency;
			name = "AlamofireObjectMapper iOS";
			targetProxy = 52528D511F5C902F00A46F5E /* PBXContainerItemProxy */;
		};
		52528D561F5C902F00A46F5E /* PBXTargetDependency */ = {
			isa = PBXTargetDependency;
			name = "ObjectMapper-iOS";
			targetProxy = 52528D551F5C902F00A46F5E /* PBXContainerItemProxy */;
		};
		CE4CC1811F553B6C00D8244B /* PBXTargetDependency */ = {
			isa = PBXTargetDependency;
			target = CE4CC16A1F553B6C00D8244B /* MyInstaMap */;
			targetProxy = CE4CC1801F553B6C00D8244B /* PBXContainerItemProxy */;
		};
		CE4CC18C1F553B6C00D8244B /* PBXTargetDependency */ = {
			isa = PBXTargetDependency;
			target = CE4CC16A1F553B6C00D8244B /* MyInstaMap */;
			targetProxy = CE4CC18B1F553B6C00D8244B /* PBXContainerItemProxy */;
		};
/* End PBXTargetDependency section */

/* Begin PBXVariantGroup section */
		525284841F5C8DCD00A46F5E /* LaunchScreen.storyboard */ = {
			isa = PBXVariantGroup;
			children = (
				525284851F5C8DCD00A46F5E /* Base */,
			);
			name = LaunchScreen.storyboard;
			sourceTree = "<group>";
		};
		525284861F5C8DCD00A46F5E /* Main.storyboard */ = {
			isa = PBXVariantGroup;
			children = (
				525284871F5C8DCD00A46F5E /* Base */,
			);
			name = Main.storyboard;
			sourceTree = "<group>";
		};
/* End PBXVariantGroup section */

/* Begin XCBuildConfiguration section */
		CE4CC1911F553B6C00D8244B /* Debug */ = {
			isa = XCBuildConfiguration;
			buildSettings = {
				ALWAYS_SEARCH_USER_PATHS = NO;
				CLANG_ANALYZER_NONNULL = YES;
				CLANG_ANALYZER_NUMBER_OBJECT_CONVERSION = YES_AGGRESSIVE;
				CLANG_CXX_LANGUAGE_STANDARD = "gnu++0x";
				CLANG_CXX_LIBRARY = "libc++";
				CLANG_ENABLE_MODULES = YES;
				CLANG_ENABLE_OBJC_ARC = YES;
				CLANG_WARN_BOOL_CONVERSION = YES;
				CLANG_WARN_CONSTANT_CONVERSION = YES;
				CLANG_WARN_DIRECT_OBJC_ISA_USAGE = YES_ERROR;
				CLANG_WARN_DOCUMENTATION_COMMENTS = YES;
				CLANG_WARN_EMPTY_BODY = YES;
				CLANG_WARN_ENUM_CONVERSION = YES;
				CLANG_WARN_INFINITE_RECURSION = YES;
				CLANG_WARN_INT_CONVERSION = YES;
				CLANG_WARN_OBJC_ROOT_CLASS = YES_ERROR;
				CLANG_WARN_SUSPICIOUS_MOVE = YES;
				CLANG_WARN_UNREACHABLE_CODE = YES;
				CLANG_WARN__DUPLICATE_METHOD_MATCH = YES;
				"CODE_SIGN_IDENTITY[sdk=iphoneos*]" = "iPhone Developer";
				COPY_PHASE_STRIP = NO;
				DEBUG_INFORMATION_FORMAT = dwarf;
				ENABLE_STRICT_OBJC_MSGSEND = YES;
				ENABLE_TESTABILITY = YES;
				GCC_C_LANGUAGE_STANDARD = gnu99;
				GCC_DYNAMIC_NO_PIC = NO;
				GCC_NO_COMMON_BLOCKS = YES;
				GCC_OPTIMIZATION_LEVEL = 0;
				GCC_PREPROCESSOR_DEFINITIONS = (
					"DEBUG=1",
					"$(inherited)",
				);
				GCC_WARN_64_TO_32_BIT_CONVERSION = YES;
				GCC_WARN_ABOUT_RETURN_TYPE = YES_ERROR;
				GCC_WARN_UNDECLARED_SELECTOR = YES;
				GCC_WARN_UNINITIALIZED_AUTOS = YES_AGGRESSIVE;
				GCC_WARN_UNUSED_FUNCTION = YES;
				GCC_WARN_UNUSED_VARIABLE = YES;
				IPHONEOS_DEPLOYMENT_TARGET = 10.3;
				MTL_ENABLE_DEBUG_INFO = YES;
				ONLY_ACTIVE_ARCH = YES;
				SDKROOT = iphoneos;
				SWIFT_ACTIVE_COMPILATION_CONDITIONS = DEBUG;
				SWIFT_OPTIMIZATION_LEVEL = "-Onone";
				TARGETED_DEVICE_FAMILY = "1,2";
			};
			name = Debug;
		};
		CE4CC1921F553B6C00D8244B /* Release */ = {
			isa = XCBuildConfiguration;
			buildSettings = {
				ALWAYS_SEARCH_USER_PATHS = NO;
				CLANG_ANALYZER_NONNULL = YES;
				CLANG_ANALYZER_NUMBER_OBJECT_CONVERSION = YES_AGGRESSIVE;
				CLANG_CXX_LANGUAGE_STANDARD = "gnu++0x";
				CLANG_CXX_LIBRARY = "libc++";
				CLANG_ENABLE_MODULES = YES;
				CLANG_ENABLE_OBJC_ARC = YES;
				CLANG_WARN_BOOL_CONVERSION = YES;
				CLANG_WARN_CONSTANT_CONVERSION = YES;
				CLANG_WARN_DIRECT_OBJC_ISA_USAGE = YES_ERROR;
				CLANG_WARN_DOCUMENTATION_COMMENTS = YES;
				CLANG_WARN_EMPTY_BODY = YES;
				CLANG_WARN_ENUM_CONVERSION = YES;
				CLANG_WARN_INFINITE_RECURSION = YES;
				CLANG_WARN_INT_CONVERSION = YES;
				CLANG_WARN_OBJC_ROOT_CLASS = YES_ERROR;
				CLANG_WARN_SUSPICIOUS_MOVE = YES;
				CLANG_WARN_UNREACHABLE_CODE = YES;
				CLANG_WARN__DUPLICATE_METHOD_MATCH = YES;
				"CODE_SIGN_IDENTITY[sdk=iphoneos*]" = "iPhone Developer";
				COPY_PHASE_STRIP = NO;
				DEBUG_INFORMATION_FORMAT = "dwarf-with-dsym";
				ENABLE_NS_ASSERTIONS = NO;
				ENABLE_STRICT_OBJC_MSGSEND = YES;
				GCC_C_LANGUAGE_STANDARD = gnu99;
				GCC_NO_COMMON_BLOCKS = YES;
				GCC_WARN_64_TO_32_BIT_CONVERSION = YES;
				GCC_WARN_ABOUT_RETURN_TYPE = YES_ERROR;
				GCC_WARN_UNDECLARED_SELECTOR = YES;
				GCC_WARN_UNINITIALIZED_AUTOS = YES_AGGRESSIVE;
				GCC_WARN_UNUSED_FUNCTION = YES;
				GCC_WARN_UNUSED_VARIABLE = YES;
				IPHONEOS_DEPLOYMENT_TARGET = 10.3;
				MTL_ENABLE_DEBUG_INFO = NO;
				SDKROOT = iphoneos;
				SWIFT_OPTIMIZATION_LEVEL = "-Owholemodule";
				TARGETED_DEVICE_FAMILY = "1,2";
				VALIDATE_PRODUCT = YES;
			};
			name = Release;
		};
		CE4CC1941F553B6C00D8244B /* Debug */ = {
			isa = XCBuildConfiguration;
			buildSettings = {
				ALWAYS_EMBED_SWIFT_STANDARD_LIBRARIES = YES;
				ASSETCATALOG_COMPILER_APPICON_NAME = AppIcon;
				DEVELOPMENT_TEAM = 2N3VATPC25;
				INFOPLIST_FILE = MyInstaMap/Info.plist;
				IPHONEOS_DEPLOYMENT_TARGET = 8.0;
				LD_RUNPATH_SEARCH_PATHS = "$(inherited) @executable_path/Frameworks";
				PRODUCT_BUNDLE_IDENTIFIER = com.tluu9.MyInstaMap;
				PRODUCT_NAME = "$(TARGET_NAME)";
				SWIFT_VERSION = 3.0;
			};
			name = Debug;
		};
		CE4CC1951F553B6C00D8244B /* Release */ = {
			isa = XCBuildConfiguration;
			buildSettings = {
				ALWAYS_EMBED_SWIFT_STANDARD_LIBRARIES = YES;
				ASSETCATALOG_COMPILER_APPICON_NAME = AppIcon;
				DEVELOPMENT_TEAM = 2N3VATPC25;
				INFOPLIST_FILE = MyInstaMap/Info.plist;
				IPHONEOS_DEPLOYMENT_TARGET = 8.0;
				LD_RUNPATH_SEARCH_PATHS = "$(inherited) @executable_path/Frameworks";
				PRODUCT_BUNDLE_IDENTIFIER = com.tluu9.MyInstaMap;
				PRODUCT_NAME = "$(TARGET_NAME)";
				SWIFT_VERSION = 3.0;
			};
			name = Release;
		};
		CE4CC1971F553B6C00D8244B /* Debug */ = {
			isa = XCBuildConfiguration;
			buildSettings = {
				ALWAYS_EMBED_SWIFT_STANDARD_LIBRARIES = YES;
				BUNDLE_LOADER = "$(TEST_HOST)";
				DEVELOPMENT_TEAM = 2N3VATPC25;
				INFOPLIST_FILE = MyInstaMapTests/Info.plist;
				LD_RUNPATH_SEARCH_PATHS = "$(inherited) @executable_path/Frameworks @loader_path/Frameworks";
				PRODUCT_BUNDLE_IDENTIFIER = com.tluu9.MyInstaMapTests;
				PRODUCT_NAME = "$(TARGET_NAME)";
				SWIFT_VERSION = 3.0;
				TEST_HOST = "$(BUILT_PRODUCTS_DIR)/MyInstaMap.app/MyInstaMap";
			};
			name = Debug;
		};
		CE4CC1981F553B6C00D8244B /* Release */ = {
			isa = XCBuildConfiguration;
			buildSettings = {
				ALWAYS_EMBED_SWIFT_STANDARD_LIBRARIES = YES;
				BUNDLE_LOADER = "$(TEST_HOST)";
				DEVELOPMENT_TEAM = 2N3VATPC25;
				INFOPLIST_FILE = MyInstaMapTests/Info.plist;
				LD_RUNPATH_SEARCH_PATHS = "$(inherited) @executable_path/Frameworks @loader_path/Frameworks";
				PRODUCT_BUNDLE_IDENTIFIER = com.tluu9.MyInstaMapTests;
				PRODUCT_NAME = "$(TARGET_NAME)";
				SWIFT_VERSION = 3.0;
				TEST_HOST = "$(BUILT_PRODUCTS_DIR)/MyInstaMap.app/MyInstaMap";
			};
			name = Release;
		};
		CE4CC19A1F553B6C00D8244B /* Debug */ = {
			isa = XCBuildConfiguration;
			buildSettings = {
				ALWAYS_EMBED_SWIFT_STANDARD_LIBRARIES = YES;
				DEVELOPMENT_TEAM = 2N3VATPC25;
				INFOPLIST_FILE = MyInstaMapUITests/Info.plist;
				LD_RUNPATH_SEARCH_PATHS = "$(inherited) @executable_path/Frameworks @loader_path/Frameworks";
				PRODUCT_BUNDLE_IDENTIFIER = com.tluu9.MyInstaMapUITests;
				PRODUCT_NAME = "$(TARGET_NAME)";
				SWIFT_VERSION = 3.0;
				TEST_TARGET_NAME = MyMapBook;
			};
			name = Debug;
		};
		CE4CC19B1F553B6C00D8244B /* Release */ = {
			isa = XCBuildConfiguration;
			buildSettings = {
				ALWAYS_EMBED_SWIFT_STANDARD_LIBRARIES = YES;
				DEVELOPMENT_TEAM = 2N3VATPC25;
				INFOPLIST_FILE = MyInstaMapUITests/Info.plist;
				LD_RUNPATH_SEARCH_PATHS = "$(inherited) @executable_path/Frameworks @loader_path/Frameworks";
				PRODUCT_BUNDLE_IDENTIFIER = com.tluu9.MyInstaMapUITests;
				PRODUCT_NAME = "$(TARGET_NAME)";
				SWIFT_VERSION = 3.0;
				TEST_TARGET_NAME = MyMapBook;
			};
			name = Release;
		};
/* End XCBuildConfiguration section */

/* Begin XCConfigurationList section */
		CE4CC1661F553B6C00D8244B /* Build configuration list for PBXProject "MyInstaMap" */ = {
			isa = XCConfigurationList;
			buildConfigurations = (
				CE4CC1911F553B6C00D8244B /* Debug */,
				CE4CC1921F553B6C00D8244B /* Release */,
			);
			defaultConfigurationIsVisible = 0;
			defaultConfigurationName = Release;
		};
		CE4CC1931F553B6C00D8244B /* Build configuration list for PBXNativeTarget "MyInstaMap" */ = {
			isa = XCConfigurationList;
			buildConfigurations = (
				CE4CC1941F553B6C00D8244B /* Debug */,
				CE4CC1951F553B6C00D8244B /* Release */,
			);
			defaultConfigurationIsVisible = 0;
			defaultConfigurationName = Release;
		};
		CE4CC1961F553B6C00D8244B /* Build configuration list for PBXNativeTarget "MyInstaMapTests" */ = {
			isa = XCConfigurationList;
			buildConfigurations = (
				CE4CC1971F553B6C00D8244B /* Debug */,
				CE4CC1981F553B6C00D8244B /* Release */,
			);
			defaultConfigurationIsVisible = 0;
			defaultConfigurationName = Release;
		};
		CE4CC1991F553B6C00D8244B /* Build configuration list for PBXNativeTarget "MyInstaMapUITests" */ = {
			isa = XCConfigurationList;
			buildConfigurations = (
				CE4CC19A1F553B6C00D8244B /* Debug */,
				CE4CC19B1F553B6C00D8244B /* Release */,
			);
			defaultConfigurationIsVisible = 0;
			defaultConfigurationName = Release;
		};
/* End XCConfigurationList section */
	};
	rootObject = CE4CC1631F553B6C00D8244B /* Project object */;
}
