// !$*UTF8*$!
{
	archiveVersion = 1;
	classes = {
	};
	objectVersion = 46;
	objects = {

/* Begin PBXBuildFile section */
		520F02261F5ADFC30048A3FE /* CustomCalloutView.swift in Sources */ = {isa = PBXBuildFile; fileRef = 520F02251F5ADFC30048A3FE /* CustomCalloutView.swift */; };
		520F023C1F5ADFD30048A3FE /* CustomCalloutView.xib in Resources */ = {isa = PBXBuildFile; fileRef = 520F023B1F5ADFD30048A3FE /* CustomCalloutView.xib */; };
		520F023E1F5B17940048A3FE /* Reachability.swift in Sources */ = {isa = PBXBuildFile; fileRef = 520F023D1F5B17940048A3FE /* Reachability.swift */; };
		52272C141F59D3D70041F21F /* AlamofireImage.framework in Frameworks */ = {isa = PBXBuildFile; fileRef = 52272C071F59D3B30041F21F /* AlamofireImage.framework */; };
		52272C151F59D3D70041F21F /* AlamofireImage.framework in Copy Frameworks */ = {isa = PBXBuildFile; fileRef = 52272C071F59D3B30041F21F /* AlamofireImage.framework */; settings = {ATTRIBUTES = (CodeSignOnCopy, RemoveHeadersOnCopy, ); }; };
		525283601F5BD7CE00A46F5E /* BaseViewController.swift in Sources */ = {isa = PBXBuildFile; fileRef = 5252835F1F5BD7CE00A46F5E /* BaseViewController.swift */; };
		5252837C1F5BEA8700A46F5E /* MediaAPI.swift in Sources */ = {isa = PBXBuildFile; fileRef = 5252837B1F5BEA8700A46F5E /* MediaAPI.swift */; };
		525283821F5BFFA900A46F5E /* AuthenticateAPI.swift in Sources */ = {isa = PBXBuildFile; fileRef = 525283811F5BFFA900A46F5E /* AuthenticateAPI.swift */; };
		525283871F5C0CC100A46F5E /* Connectivity.swift in Sources */ = {isa = PBXBuildFile; fileRef = 525283861F5C0CC100A46F5E /* Connectivity.swift */; };
		5252838A1F5C1BC700A46F5E /* Constants.swift in Sources */ = {isa = PBXBuildFile; fileRef = 525283891F5C1BC700A46F5E /* Constants.swift */; };
		525283A61F5C836900A46F5E /* AlamofireObjectMapper.framework in Frameworks */ = {isa = PBXBuildFile; fileRef = 525283981F5C835300A46F5E /* AlamofireObjectMapper.framework */; };
		525283A71F5C836900A46F5E /* AlamofireObjectMapper.framework in Copy Frameworks */ = {isa = PBXBuildFile; fileRef = 525283981F5C835300A46F5E /* AlamofireObjectMapper.framework */; settings = {ATTRIBUTES = (CodeSignOnCopy, RemoveHeadersOnCopy, ); }; };
		525283AA1F5C887100A46F5E /* ObjectMapper.framework in Frameworks */ = {isa = PBXBuildFile; fileRef = CEFA46DE1F569E4100A85EBF /* ObjectMapper.framework */; };
		525283AB1F5C887100A46F5E /* ObjectMapper.framework in Copy Frameworks */ = {isa = PBXBuildFile; fileRef = CEFA46DE1F569E4100A85EBF /* ObjectMapper.framework */; settings = {ATTRIBUTES = (CodeSignOnCopy, RemoveHeadersOnCopy, ); }; };
		525284411F5C8D7000A46F5E /* AppDelegate.swift in Sources */ = {isa = PBXBuildFile; fileRef = 525284401F5C8D7000A46F5E /* AppDelegate.swift */; };
		525284881F5C8DCD00A46F5E /* LaunchScreen.storyboard in Resources */ = {isa = PBXBuildFile; fileRef = 525284841F5C8DCD00A46F5E /* LaunchScreen.storyboard */; };
		525284891F5C8DCD00A46F5E /* Main.storyboard in Resources */ = {isa = PBXBuildFile; fileRef = 525284861F5C8DCD00A46F5E /* Main.storyboard */; };
		525B62D11F5999DA00FAB0B4 /* MediaSearchAnnotation.swift in Sources */ = {isa = PBXBuildFile; fileRef = 525B62D01F5999DA00FAB0B4 /* MediaSearchAnnotation.swift */; };
		525B62D31F59C37F00FAB0B4 /* CustomMKAnnotationView.swift in Sources */ = {isa = PBXBuildFile; fileRef = 525B62D21F59C37F00FAB0B4 /* CustomMKAnnotationView.swift */; };
		52F6CD281F57CC8D0056F02F /* LoginViewController.swift in Sources */ = {isa = PBXBuildFile; fileRef = 52F6CD271F57CC8D0056F02F /* LoginViewController.swift */; };
		52F6CD491F57D3C10056F02F /* Alamofire.framework in Frameworks */ = {isa = PBXBuildFile; fileRef = 52F6CD3C1F57D37D0056F02F /* Alamofire.framework */; };
		52F6CD4A1F57D3C10056F02F /* Alamofire.framework in Copy Frameworks */ = {isa = PBXBuildFile; fileRef = 52F6CD3C1F57D37D0056F02F /* Alamofire.framework */; settings = {ATTRIBUTES = (CodeSignOnCopy, RemoveHeadersOnCopy, ); }; };
		CE4CC1711F553B6C00D8244B /* InstaMapViewController.swift in Sources */ = {isa = PBXBuildFile; fileRef = CE4CC1701F553B6C00D8244B /* InstaMapViewController.swift */; };
		CE4CC1761F553B6C00D8244B /* Assets.xcassets in Resources */ = {isa = PBXBuildFile; fileRef = CE4CC1751F553B6C00D8244B /* Assets.xcassets */; };
		CE4CC1841F553B6C00D8244B /* MyInstaMapTests.swift in Sources */ = {isa = PBXBuildFile; fileRef = CE4CC1831F553B6C00D8244B /* MyInstaMapTests.swift */; };
		CE4CC18F1F553B6C00D8244B /* MyInstaMapUITests.swift in Sources */ = {isa = PBXBuildFile; fileRef = CE4CC18E1F553B6C00D8244B /* MyInstaMapUITests.swift */; };
		CEFA46F01F56A32F00A85EBF /* data.json in Resources */ = {isa = PBXBuildFile; fileRef = CEFA46EF1F56A32F00A85EBF /* data.json */; };
		CEFA46F21F56BF9000A85EBF /* MediaSearchModel.swift in Sources */ = {isa = PBXBuildFile; fileRef = CEFA46F11F56BF9000A85EBF /* MediaSearchModel.swift */; };
/* End PBXBuildFile section */

/* Begin PBXContainerItemProxy section */
		52272C061F59D3B30041F21F /* PBXContainerItemProxy */ = {
			isa = PBXContainerItemProxy;
			containerPortal = 52272BFA1F59D3B30041F21F /* AlamofireImage.xcodeproj */;
			proxyType = 2;
			remoteGlobalIDString = 4C9043771AABBFC5001B4E60;
			remoteInfo = "AlamofireImage iOS";
		};
		52272C081F59D3B30041F21F /* PBXContainerItemProxy */ = {
			isa = PBXContainerItemProxy;
			containerPortal = 52272BFA1F59D3B30041F21F /* AlamofireImage.xcodeproj */;
			proxyType = 2;
			remoteGlobalIDString = 4C9043821AABBFC5001B4E60;
			remoteInfo = "AlamofireImage iOS Tests";
		};
		52272C0A1F59D3B30041F21F /* PBXContainerItemProxy */ = {
			isa = PBXContainerItemProxy;
			containerPortal = 52272BFA1F59D3B30041F21F /* AlamofireImage.xcodeproj */;
			proxyType = 2;
			remoteGlobalIDString = 4CE611321AABC24E00D35044;
			remoteInfo = "AlamofireImage macOS";
		};
		52272C0C1F59D3B30041F21F /* PBXContainerItemProxy */ = {
			isa = PBXContainerItemProxy;
			containerPortal = 52272BFA1F59D3B30041F21F /* AlamofireImage.xcodeproj */;
			proxyType = 2;
			remoteGlobalIDString = 4CE611471AABC5C900D35044;
			remoteInfo = "AlamofireImage macOS Tests";
		};
		52272C0E1F59D3B30041F21F /* PBXContainerItemProxy */ = {
			isa = PBXContainerItemProxy;
			containerPortal = 52272BFA1F59D3B30041F21F /* AlamofireImage.xcodeproj */;
			proxyType = 2;
			remoteGlobalIDString = 4C16B37D1BA9399500A66EF0;
			remoteInfo = "AlamofireImage tvOS";
		};
		52272C101F59D3B30041F21F /* PBXContainerItemProxy */ = {
			isa = PBXContainerItemProxy;
			containerPortal = 52272BFA1F59D3B30041F21F /* AlamofireImage.xcodeproj */;
			proxyType = 2;
			remoteGlobalIDString = 4C16B3861BA9399500A66EF0;
			remoteInfo = "AlamofireImage tvOS Tests";
		};
		52272C121F59D3B30041F21F /* PBXContainerItemProxy */ = {
			isa = PBXContainerItemProxy;
			containerPortal = 52272BFA1F59D3B30041F21F /* AlamofireImage.xcodeproj */;
			proxyType = 2;
			remoteGlobalIDString = 4C4D4EC11B92976900C96855;
			remoteInfo = "AlamofireImage watchOS";
		};
		52272C161F59D3D70041F21F /* PBXContainerItemProxy */ = {
			isa = PBXContainerItemProxy;
			containerPortal = 52272BFA1F59D3B30041F21F /* AlamofireImage.xcodeproj */;
			proxyType = 1;
			remoteGlobalIDString = 4C9043761AABBFC5001B4E60;
			remoteInfo = "AlamofireImage iOS";
		};
		525283971F5C835300A46F5E /* PBXContainerItemProxy */ = {
			isa = PBXContainerItemProxy;
			containerPortal = 5252838B1F5C835300A46F5E /* AlamofireObjectMapper.xcodeproj */;
			proxyType = 2;
			remoteGlobalIDString = 6AB2A0111AF26C36001EBB20;
			remoteInfo = "AlamofireObjectMapper iOS";
		};
		525283991F5C835300A46F5E /* PBXContainerItemProxy */ = {
			isa = PBXContainerItemProxy;
			containerPortal = 5252838B1F5C835300A46F5E /* AlamofireObjectMapper.xcodeproj */;
			proxyType = 2;
			remoteGlobalIDString = 6AB2A01C1AF26C36001EBB20;
			remoteInfo = "AlamofireObjectMapperTests iOS";
		};
		5252839B1F5C835300A46F5E /* PBXContainerItemProxy */ = {
			isa = PBXContainerItemProxy;
			containerPortal = 5252838B1F5C835300A46F5E /* AlamofireObjectMapper.xcodeproj */;
			proxyType = 2;
			remoteGlobalIDString = 6AB2A0851AF27DF1001EBB20;
			remoteInfo = "AlamofireObjectMapper OSX";
		};
		5252839D1F5C835300A46F5E /* PBXContainerItemProxy */ = {
			isa = PBXContainerItemProxy;
			containerPortal = 5252838B1F5C835300A46F5E /* AlamofireObjectMapper.xcodeproj */;
			proxyType = 2;
			remoteGlobalIDString = 6AB2A08F1AF27DF1001EBB20;
			remoteInfo = "AlamofireObjectMapperTests OSX";
		};
		5252839F1F5C835300A46F5E /* PBXContainerItemProxy */ = {
			isa = PBXContainerItemProxy;
			containerPortal = 5252838B1F5C835300A46F5E /* AlamofireObjectMapper.xcodeproj */;
			proxyType = 2;
			remoteGlobalIDString = 6AC692061BE3F69E004C119A;
			remoteInfo = "AlamofireObjectMapper tvOS";
		};
		525283A11F5C835300A46F5E /* PBXContainerItemProxy */ = {
			isa = PBXContainerItemProxy;
			containerPortal = 5252838B1F5C835300A46F5E /* AlamofireObjectMapper.xcodeproj */;
			proxyType = 2;
			remoteGlobalIDString = 6AC692121BE3F7F5004C119A;
			remoteInfo = "AlamofireObjectMapperTests tvOS";
		};
		525283A31F5C835300A46F5E /* PBXContainerItemProxy */ = {
			isa = PBXContainerItemProxy;
			containerPortal = 5252838B1F5C835300A46F5E /* AlamofireObjectMapper.xcodeproj */;
			proxyType = 2;
			remoteGlobalIDString = 6AC4580C1BA34C5600054758;
			remoteInfo = "AlamofireObjectMapper watchOS";
		};
		525283A81F5C836900A46F5E /* PBXContainerItemProxy */ = {
			isa = PBXContainerItemProxy;
			containerPortal = 5252838B1F5C835300A46F5E /* AlamofireObjectMapper.xcodeproj */;
			proxyType = 1;
			remoteGlobalIDString = 6AB2A0101AF26C36001EBB20;
			remoteInfo = "AlamofireObjectMapper iOS";
		};
		525283AC1F5C887100A46F5E /* PBXContainerItemProxy */ = {
			isa = PBXContainerItemProxy;
			containerPortal = CEFA46D31F569E4100A85EBF /* ObjectMapper.xcodeproj */;
			proxyType = 1;
			remoteGlobalIDString = 6AAC8F7519F03C2900E7A677;
			remoteInfo = "ObjectMapper-iOS";
		};
		52F6CD3B1F57D37D0056F02F /* PBXContainerItemProxy */ = {
			isa = PBXContainerItemProxy;
			containerPortal = 52F6CD301F57D37D0056F02F /* Alamofire.xcodeproj */;
			proxyType = 2;
			remoteGlobalIDString = F8111E3319A95C8B0040E7D1;
			remoteInfo = "Alamofire iOS";
		};
		52F6CD3D1F57D37D0056F02F /* PBXContainerItemProxy */ = {
			isa = PBXContainerItemProxy;
			containerPortal = 52F6CD301F57D37D0056F02F /* Alamofire.xcodeproj */;
			proxyType = 2;
			remoteGlobalIDString = F8111E3E19A95C8B0040E7D1;
			remoteInfo = "Alamofire iOS Tests";
		};
		52F6CD3F1F57D37D0056F02F /* PBXContainerItemProxy */ = {
			isa = PBXContainerItemProxy;
			containerPortal = 52F6CD301F57D37D0056F02F /* Alamofire.xcodeproj */;
			proxyType = 2;
			remoteGlobalIDString = 4DD67C0B1A5C55C900ED2280;
			remoteInfo = "Alamofire macOS";
		};
		52F6CD411F57D37D0056F02F /* PBXContainerItemProxy */ = {
			isa = PBXContainerItemProxy;
			containerPortal = 52F6CD301F57D37D0056F02F /* Alamofire.xcodeproj */;
			proxyType = 2;
			remoteGlobalIDString = F829C6B21A7A94F100A2CD59;
			remoteInfo = "Alamofire macOS Tests";
		};
		52F6CD431F57D37D0056F02F /* PBXContainerItemProxy */ = {
			isa = PBXContainerItemProxy;
			containerPortal = 52F6CD301F57D37D0056F02F /* Alamofire.xcodeproj */;
			proxyType = 2;
			remoteGlobalIDString = 4CF626EF1BA7CB3E0011A099;
			remoteInfo = "Alamofire tvOS";
		};
		52F6CD451F57D37D0056F02F /* PBXContainerItemProxy */ = {
			isa = PBXContainerItemProxy;
			containerPortal = 52F6CD301F57D37D0056F02F /* Alamofire.xcodeproj */;
			proxyType = 2;
			remoteGlobalIDString = 4CF626F81BA7CB3E0011A099;
			remoteInfo = "Alamofire tvOS Tests";
		};
		52F6CD471F57D37D0056F02F /* PBXContainerItemProxy */ = {
			isa = PBXContainerItemProxy;
			containerPortal = 52F6CD301F57D37D0056F02F /* Alamofire.xcodeproj */;
			proxyType = 2;
			remoteGlobalIDString = E4202FE01B667AA100C997FB;
			remoteInfo = "Alamofire watchOS";
		};
		52F6CD4B1F57D3C10056F02F /* PBXContainerItemProxy */ = {
			isa = PBXContainerItemProxy;
			containerPortal = 52F6CD301F57D37D0056F02F /* Alamofire.xcodeproj */;
			proxyType = 1;
			remoteGlobalIDString = F8111E3219A95C8B0040E7D1;
			remoteInfo = "Alamofire iOS";
		};
		CE4CC1801F553B6C00D8244B /* PBXContainerItemProxy */ = {
			isa = PBXContainerItemProxy;
			containerPortal = CE4CC1631F553B6C00D8244B /* Project object */;
			proxyType = 1;
			remoteGlobalIDString = CE4CC16A1F553B6C00D8244B;
			remoteInfo = MyMapBook;
		};
		CE4CC18B1F553B6C00D8244B /* PBXContainerItemProxy */ = {
			isa = PBXContainerItemProxy;
			containerPortal = CE4CC1631F553B6C00D8244B /* Project object */;
			proxyType = 1;
			remoteGlobalIDString = CE4CC16A1F553B6C00D8244B;
			remoteInfo = MyMapBook;
		};
		CEFA46DD1F569E4100A85EBF /* PBXContainerItemProxy */ = {
			isa = PBXContainerItemProxy;
			containerPortal = CEFA46D31F569E4100A85EBF /* ObjectMapper.xcodeproj */;
			proxyType = 2;
			remoteGlobalIDString = 6AAC8F7619F03C2900E7A677;
			remoteInfo = "ObjectMapper-iOS";
		};
		CEFA46DF1F569E4100A85EBF /* PBXContainerItemProxy */ = {
			isa = PBXContainerItemProxy;
			containerPortal = CEFA46D31F569E4100A85EBF /* ObjectMapper.xcodeproj */;
			proxyType = 2;
			remoteGlobalIDString = CD1602FF1AC023D5000CD69A;
			remoteInfo = "ObjectMapper-Mac";
		};
		CEFA46E11F569E4100A85EBF /* PBXContainerItemProxy */ = {
			isa = PBXContainerItemProxy;
			containerPortal = CEFA46D31F569E4100A85EBF /* ObjectMapper.xcodeproj */;
			proxyType = 2;
			remoteGlobalIDString = 6A2AD03D1B2C78540097E150;
			remoteInfo = "ObjectMapper-watchOS";
		};
		CEFA46E31F569E4100A85EBF /* PBXContainerItemProxy */ = {
			isa = PBXContainerItemProxy;
			containerPortal = CEFA46D31F569E4100A85EBF /* ObjectMapper.xcodeproj */;
			proxyType = 2;
			remoteGlobalIDString = 6A05B7A61BE274BE00F19B53;
			remoteInfo = "ObjectMapper-tvOS";
		};
		CEFA46E51F569E4100A85EBF /* PBXContainerItemProxy */ = {
			isa = PBXContainerItemProxy;
			containerPortal = CEFA46D31F569E4100A85EBF /* ObjectMapper.xcodeproj */;
			proxyType = 2;
			remoteGlobalIDString = 6AAC8F8119F03C2900E7A677;
			remoteInfo = "ObjectMapper-iOSTests";
		};
		CEFA46E71F569E4100A85EBF /* PBXContainerItemProxy */ = {
			isa = PBXContainerItemProxy;
			containerPortal = CEFA46D31F569E4100A85EBF /* ObjectMapper.xcodeproj */;
			proxyType = 2;
			remoteGlobalIDString = CD1603091AC023D6000CD69A;
			remoteInfo = "ObjectMapper-MacTests";
		};
		CEFA46E91F569E4100A85EBF /* PBXContainerItemProxy */ = {
			isa = PBXContainerItemProxy;
			containerPortal = CEFA46D31F569E4100A85EBF /* ObjectMapper.xcodeproj */;
			proxyType = 2;
			remoteGlobalIDString = 6A05B7AF1BE274BE00F19B53;
			remoteInfo = "ObjectMapper-tvOSTests";
		};
/* End PBXContainerItemProxy section */

/* Begin PBXCopyFilesBuildPhase section */
		CEFA46ED1F569EEC00A85EBF /* Copy Frameworks */ = {
			isa = PBXCopyFilesBuildPhase;
			buildActionMask = 2147483647;
			dstPath = "";
			dstSubfolderSpec = 10;
			files = (
				52272C151F59D3D70041F21F /* AlamofireImage.framework in Copy Frameworks */,
				52F6CD4A1F57D3C10056F02F /* Alamofire.framework in Copy Frameworks */,
				525283AB1F5C887100A46F5E /* ObjectMapper.framework in Copy Frameworks */,
				525283A71F5C836900A46F5E /* AlamofireObjectMapper.framework in Copy Frameworks */,
			);
			name = "Copy Frameworks";
			runOnlyForDeploymentPostprocessing = 0;
		};
/* End PBXCopyFilesBuildPhase section */

/* Begin PBXFileReference section */
		520F02251F5ADFC30048A3FE /* CustomCalloutView.swift */ = {isa = PBXFileReference; fileEncoding = 4; lastKnownFileType = sourcecode.swift; path = CustomCalloutView.swift; sourceTree = "<group>"; };
		520F023B1F5ADFD30048A3FE /* CustomCalloutView.xib */ = {isa = PBXFileReference; fileEncoding = 4; lastKnownFileType = file.xib; path = CustomCalloutView.xib; sourceTree = "<group>"; };
		520F023D1F5B17940048A3FE /* Reachability.swift */ = {isa = PBXFileReference; fileEncoding = 4; lastKnownFileType = sourcecode.swift; path = Reachability.swift; sourceTree = "<group>"; };
		52272BFA1F59D3B30041F21F /* AlamofireImage.xcodeproj */ = {isa = PBXFileReference; lastKnownFileType = "wrapper.pb-project"; name = AlamofireImage.xcodeproj; path = AlamofireImage/AlamofireImage.xcodeproj; sourceTree = "<group>"; };
		5252835F1F5BD7CE00A46F5E /* BaseViewController.swift */ = {isa = PBXFileReference; fileEncoding = 4; lastKnownFileType = sourcecode.swift; path = BaseViewController.swift; sourceTree = "<group>"; };
		5252837B1F5BEA8700A46F5E /* MediaAPI.swift */ = {isa = PBXFileReference; fileEncoding = 4; lastKnownFileType = sourcecode.swift; path = MediaAPI.swift; sourceTree = "<group>"; };
		525283811F5BFFA900A46F5E /* AuthenticateAPI.swift */ = {isa = PBXFileReference; fileEncoding = 4; lastKnownFileType = sourcecode.swift; path = AuthenticateAPI.swift; sourceTree = "<group>"; };
		525283861F5C0CC100A46F5E /* Connectivity.swift */ = {isa = PBXFileReference; fileEncoding = 4; lastKnownFileType = sourcecode.swift; path = Connectivity.swift; sourceTree = "<group>"; };
		525283891F5C1BC700A46F5E /* Constants.swift */ = {isa = PBXFileReference; fileEncoding = 4; lastKnownFileType = sourcecode.swift; path = Constants.swift; sourceTree = "<group>"; };
		5252838B1F5C835300A46F5E /* AlamofireObjectMapper.xcodeproj */ = {isa = PBXFileReference; lastKnownFileType = "wrapper.pb-project"; name = AlamofireObjectMapper.xcodeproj; path = AlamofireObjectMapper/AlamofireObjectMapper.xcodeproj; sourceTree = "<group>"; };
		525284401F5C8D7000A46F5E /* AppDelegate.swift */ = {isa = PBXFileReference; fileEncoding = 4; lastKnownFileType = sourcecode.swift; name = AppDelegate.swift; path = MyInstaMap/AppDelegate.swift; sourceTree = SOURCE_ROOT; };
		525284851F5C8DCD00A46F5E /* Base */ = {isa = PBXFileReference; lastKnownFileType = file.storyboard; name = Base; path = Base.lproj/LaunchScreen.storyboard; sourceTree = "<group>"; };
		525284871F5C8DCD00A46F5E /* Base */ = {isa = PBXFileReference; lastKnownFileType = file.storyboard; name = Base; path = Base.lproj/Main.storyboard; sourceTree = "<group>"; };
		525B62D01F5999DA00FAB0B4 /* MediaSearchAnnotation.swift */ = {isa = PBXFileReference; fileEncoding = 4; lastKnownFileType = sourcecode.swift; path = MediaSearchAnnotation.swift; sourceTree = "<group>"; };
		525B62D21F59C37F00FAB0B4 /* CustomMKAnnotationView.swift */ = {isa = PBXFileReference; fileEncoding = 4; lastKnownFileType = sourcecode.swift; path = CustomMKAnnotationView.swift; sourceTree = "<group>"; };
		52F6CD271F57CC8D0056F02F /* LoginViewController.swift */ = {isa = PBXFileReference; fileEncoding = 4; lastKnownFileType = sourcecode.swift; path = LoginViewController.swift; sourceTree = "<group>"; };
		52F6CD301F57D37D0056F02F /* Alamofire.xcodeproj */ = {isa = PBXFileReference; lastKnownFileType = "wrapper.pb-project"; name = Alamofire.xcodeproj; path = Alamofire/Alamofire.xcodeproj; sourceTree = "<group>"; };
		CE4CC16B1F553B6C00D8244B /* MyInstaMap.app */ = {isa = PBXFileReference; explicitFileType = wrapper.application; includeInIndex = 0; path = MyInstaMap.app; sourceTree = BUILT_PRODUCTS_DIR; };
		CE4CC1701F553B6C00D8244B /* InstaMapViewController.swift */ = {isa = PBXFileReference; lastKnownFileType = sourcecode.swift; path = InstaMapViewController.swift; sourceTree = "<group>"; };
		CE4CC1751F553B6C00D8244B /* Assets.xcassets */ = {isa = PBXFileReference; lastKnownFileType = folder.assetcatalog; path = Assets.xcassets; sourceTree = "<group>"; };
		CE4CC17A1F553B6C00D8244B /* Info.plist */ = {isa = PBXFileReference; lastKnownFileType = text.plist.xml; path = Info.plist; sourceTree = "<group>"; };
		CE4CC17F1F553B6C00D8244B /* MyInstaMapTests.xctest */ = {isa = PBXFileReference; explicitFileType = wrapper.cfbundle; includeInIndex = 0; path = MyInstaMapTests.xctest; sourceTree = BUILT_PRODUCTS_DIR; };
		CE4CC1831F553B6C00D8244B /* MyInstaMapTests.swift */ = {isa = PBXFileReference; lastKnownFileType = sourcecode.swift; name = MyInstaMapTests.swift; path = MyInstaMapTests/MyInstaMapTests.swift; sourceTree = "<group>"; };
		CE4CC1851F553B6C00D8244B /* Info.plist */ = {isa = PBXFileReference; lastKnownFileType = text.plist; name = Info.plist; path = MyInstaMapTests/Info.plist; sourceTree = "<group>"; };
		CE4CC18A1F553B6C00D8244B /* MyInstaMapUITests.xctest */ = {isa = PBXFileReference; explicitFileType = wrapper.cfbundle; includeInIndex = 0; path = MyInstaMapUITests.xctest; sourceTree = BUILT_PRODUCTS_DIR; };
		CE4CC18E1F553B6C00D8244B /* MyInstaMapUITests.swift */ = {isa = PBXFileReference; lastKnownFileType = sourcecode.swift; name = MyInstaMapUITests.swift; path = MyInstaMapUITests/MyInstaMapUITests.swift; sourceTree = "<group>"; };
		CE4CC1901F553B6C00D8244B /* Info.plist */ = {isa = PBXFileReference; lastKnownFileType = text.plist; name = Info.plist; path = MyInstaMapUITests/Info.plist; sourceTree = "<group>"; };
		CEFA46D31F569E4100A85EBF /* ObjectMapper.xcodeproj */ = {isa = PBXFileReference; lastKnownFileType = "wrapper.pb-project"; name = ObjectMapper.xcodeproj; path = ObjectMapper/ObjectMapper.xcodeproj; sourceTree = "<group>"; };
		CEFA46EF1F56A32F00A85EBF /* data.json */ = {isa = PBXFileReference; fileEncoding = 4; lastKnownFileType = text.json; path = data.json; sourceTree = "<group>"; };
		CEFA46F11F56BF9000A85EBF /* MediaSearchModel.swift */ = {isa = PBXFileReference; fileEncoding = 4; lastKnownFileType = sourcecode.swift; path = MediaSearchModel.swift; sourceTree = "<group>"; };
/* End PBXFileReference section */

/* Begin PBXFrameworksBuildPhase section */
		CE4CC1681F553B6C00D8244B /* Frameworks */ = {
			isa = PBXFrameworksBuildPhase;
			buildActionMask = 2147483647;
			files = (
				52F6CD491F57D3C10056F02F /* Alamofire.framework in Frameworks */,
				525283A61F5C836900A46F5E /* AlamofireObjectMapper.framework in Frameworks */,
				525283AA1F5C887100A46F5E /* ObjectMapper.framework in Frameworks */,
				52272C141F59D3D70041F21F /* AlamofireImage.framework in Frameworks */,
			);
			runOnlyForDeploymentPostprocessing = 0;
		};
		CE4CC17C1F553B6C00D8244B /* Frameworks */ = {
			isa = PBXFrameworksBuildPhase;
			buildActionMask = 2147483647;
			files = (
			);
			runOnlyForDeploymentPostprocessing = 0;
		};
		CE4CC1871F553B6C00D8244B /* Frameworks */ = {
			isa = PBXFrameworksBuildPhase;
			buildActionMask = 2147483647;
			files = (
			);
			runOnlyForDeploymentPostprocessing = 0;
		};
/* End PBXFrameworksBuildPhase section */

/* Begin PBXGroup section */
		52272BEC1F59D3A50041F21F /* AlamofireImage */ = {
			isa = PBXGroup;
			children = (
				52272BFA1F59D3B30041F21F /* AlamofireImage.xcodeproj */,
			);
			name = AlamofireImage;
			sourceTree = "<group>";
		};
		52272BFB1F59D3B30041F21F /* Products */ = {
			isa = PBXGroup;
			children = (
				52272C071F59D3B30041F21F /* AlamofireImage.framework */,
				52272C091F59D3B30041F21F /* AlamofireImage iOS Tests.xctest */,
				52272C0B1F59D3B30041F21F /* AlamofireImage.framework */,
				52272C0D1F59D3B30041F21F /* AlamofireImage macOS Tests.xctest */,
				52272C0F1F59D3B30041F21F /* AlamofireImage.framework */,
				52272C111F59D3B30041F21F /* AlamofireImage tvOS Tests.xctest */,
				52272C131F59D3B30041F21F /* AlamofireImage.framework */,
			);
			name = Products;
			sourceTree = "<group>";
		};
		525283751F5BE66200A46F5E /* View */ = {
			isa = PBXGroup;
			children = (
				520F02251F5ADFC30048A3FE /* CustomCalloutView.swift */,
				520F023B1F5ADFD30048A3FE /* CustomCalloutView.xib */,
				525B62D21F59C37F00FAB0B4 /* CustomMKAnnotationView.swift */,
			);
			name = View;
			sourceTree = "<group>";
		};
		525283761F5BE66700A46F5E /* Controller */ = {
			isa = PBXGroup;
			children = (
				5252835F1F5BD7CE00A46F5E /* BaseViewController.swift */,
				52F6CD271F57CC8D0056F02F /* LoginViewController.swift */,
				CE4CC1701F553B6C00D8244B /* InstaMapViewController.swift */,
			);
			name = Controller;
			sourceTree = "<group>";
		};
		525283771F5BE66D00A46F5E /* Model */ = {
			isa = PBXGroup;
			children = (
				525B62D01F5999DA00FAB0B4 /* MediaSearchAnnotation.swift */,
				CEFA46F11F56BF9000A85EBF /* MediaSearchModel.swift */,
			);
			name = Model;
			sourceTree = "<group>";
		};
		525283781F5BE6A300A46F5E /* Library */ = {
			isa = PBXGroup;
			children = (
				525283A51F5C835700A46F5E /* AlamofireObjectMapper */,
				52272BEC1F59D3A50041F21F /* AlamofireImage */,
				52F6CD2F1F57D3220056F02F /* Alamofire */,
				CEFA46D21F569E3300A85EBF /* ObjectMapper */,
			);
			name = Library;
			sourceTree = "<group>";
		};
		5252837A1F5BE74100A46F5E /* API */ = {
			isa = PBXGroup;
			children = (
				525283811F5BFFA900A46F5E /* AuthenticateAPI.swift */,
				5252837B1F5BEA8700A46F5E /* MediaAPI.swift */,
			);
			name = API;
			sourceTree = "<group>";
		};
		525283851F5C0CB300A46F5E /* Helper */ = {
			isa = PBXGroup;
			children = (
				525283861F5C0CC100A46F5E /* Connectivity.swift */,
				520F023D1F5B17940048A3FE /* Reachability.swift */,
				525283891F5C1BC700A46F5E /* Constants.swift */,
			);
			name = Helper;
			sourceTree = "<group>";
		};
		5252838C1F5C835300A46F5E /* Products */ = {
			isa = PBXGroup;
			children = (
				525283981F5C835300A46F5E /* AlamofireObjectMapper.framework */,
				5252839A1F5C835300A46F5E /* AlamofireObjectMapperTests iOS.xctest */,
				5252839C1F5C835300A46F5E /* AlamofireObjectMapper.framework */,
				5252839E1F5C835300A46F5E /* AlamofireObjectMapperTests OSX.xctest */,
				525283A01F5C835300A46F5E /* AlamofireObjectMapper.framework */,
				525283A21F5C835300A46F5E /* AlamofireObjectMapperTests tvOS.xctest */,
				525283A41F5C835300A46F5E /* AlamofireObjectMapper.framework */,
			);
			name = Products;
			sourceTree = "<group>";
		};
		525283A51F5C835700A46F5E /* AlamofireObjectMapper */ = {
			isa = PBXGroup;
			children = (
				5252838B1F5C835300A46F5E /* AlamofireObjectMapper.xcodeproj */,
			);
			name = AlamofireObjectMapper;
			sourceTree = "<group>";
		};
		52F6CD2F1F57D3220056F02F /* Alamofire */ = {
			isa = PBXGroup;
			children = (
				52F6CD301F57D37D0056F02F /* Alamofire.xcodeproj */,
			);
			name = Alamofire;
			sourceTree = "<group>";
		};
		52F6CD311F57D37D0056F02F /* Products */ = {
			isa = PBXGroup;
			children = (
				52F6CD3C1F57D37D0056F02F /* Alamofire.framework */,
				52F6CD3E1F57D37D0056F02F /* Alamofire iOS Tests.xctest */,
				52F6CD401F57D37D0056F02F /* Alamofire.framework */,
				52F6CD421F57D37D0056F02F /* Alamofire macOS Tests.xctest */,
				52F6CD441F57D37D0056F02F /* Alamofire.framework */,
				52F6CD461F57D37D0056F02F /* Alamofire tvOS Tests.xctest */,
				52F6CD481F57D37D0056F02F /* Alamofire.framework */,
			);
			name = Products;
			sourceTree = "<group>";
		};
		CE4CC1621F553B6C00D8244B = {
			isa = PBXGroup;
			children = (
				525283781F5BE6A300A46F5E /* Library */,
				CE4CC16D1F553B6C00D8244B /* MyInstaMap */,
				CE4CC1821F553B6C00D8244B /* MyInstaMapTests */,
				CE4CC18D1F553B6C00D8244B /* MyInstaMapUITests */,
				CE4CC16C1F553B6C00D8244B /* Products */,
			);
			sourceTree = "<group>";
		};
		CE4CC16C1F553B6C00D8244B /* Products */ = {
			isa = PBXGroup;
			children = (
				CE4CC16B1F553B6C00D8244B /* MyInstaMap.app */,
				CE4CC17F1F553B6C00D8244B /* MyInstaMapTests.xctest */,
				CE4CC18A1F553B6C00D8244B /* MyInstaMapUITests.xctest */,
			);
			name = Products;
			sourceTree = "<group>";
		};
		CE4CC16D1F553B6C00D8244B /* MyInstaMap */ = {
			isa = PBXGroup;
			children = (
				525284841F5C8DCD00A46F5E /* LaunchScreen.storyboard */,
				525284861F5C8DCD00A46F5E /* Main.storyboard */,
				525284401F5C8D7000A46F5E /* AppDelegate.swift */,
				525283851F5C0CB300A46F5E /* Helper */,
				5252837A1F5BE74100A46F5E /* API */,
				525283771F5BE66D00A46F5E /* Model */,
				525283761F5BE66700A46F5E /* Controller */,
				525283751F5BE66200A46F5E /* View */,
				CE4CC1751F553B6C00D8244B /* Assets.xcassets */,
				CEFA46EF1F56A32F00A85EBF /* data.json */,
				CE4CC17A1F553B6C00D8244B /* Info.plist */,
			);
			path = MyInstaMap;
			sourceTree = "<group>";
		};
		CE4CC1821F553B6C00D8244B /* MyInstaMapTests */ = {
			isa = PBXGroup;
			children = (
				CE4CC1831F553B6C00D8244B /* MyInstaMapTests.swift */,
				CE4CC1851F553B6C00D8244B /* Info.plist */,
			);
			name = MyInstaMapTests;
			path = MyMapBookTests;
			sourceTree = "<group>";
		};
		CE4CC18D1F553B6C00D8244B /* MyInstaMapUITests */ = {
			isa = PBXGroup;
			children = (
				CE4CC18E1F553B6C00D8244B /* MyInstaMapUITests.swift */,
				CE4CC1901F553B6C00D8244B /* Info.plist */,
			);
			name = MyInstaMapUITests;
			path = MyMapBookUITests;
			sourceTree = "<group>";
		};
		CEFA46D21F569E3300A85EBF /* ObjectMapper */ = {
			isa = PBXGroup;
			children = (
				CEFA46D31F569E4100A85EBF /* ObjectMapper.xcodeproj */,
			);
			name = ObjectMapper;
			sourceTree = "<group>";
		};
		CEFA46D41F569E4100A85EBF /* Products */ = {
			isa = PBXGroup;
			children = (
				CEFA46DE1F569E4100A85EBF /* ObjectMapper.framework */,
				CEFA46E01F569E4100A85EBF /* ObjectMapper.framework */,
				CEFA46E21F569E4100A85EBF /* ObjectMapper.framework */,
				CEFA46E41F569E4100A85EBF /* ObjectMapper.framework */,
				CEFA46E61F569E4100A85EBF /* ObjectMapper-iOSTests.xctest */,
				CEFA46E81F569E4100A85EBF /* ObjectMapper-MacTests.xctest */,
				CEFA46EA1F569E4100A85EBF /* ObjectMapper-tvOSTests.xctest */,
			);
			name = Products;
			sourceTree = "<group>";
		};
/* End PBXGroup section */

/* Begin PBXNativeTarget section */
		CE4CC16A1F553B6C00D8244B /* MyInstaMap */ = {
			isa = PBXNativeTarget;
			buildConfigurationList = CE4CC1931F553B6C00D8244B /* Build configuration list for PBXNativeTarget "MyInstaMap" */;
			buildPhases = (
				CE4CC1671F553B6C00D8244B /* Sources */,
				CE4CC1681F553B6C00D8244B /* Frameworks */,
				CE4CC1691F553B6C00D8244B /* Resources */,
				CEFA46ED1F569EEC00A85EBF /* Copy Frameworks */,
			);
			buildRules = (
			);
			dependencies = (
				52F6CD4C1F57D3C10056F02F /* PBXTargetDependency */,
				52272C171F59D3D70041F21F /* PBXTargetDependency */,
				525283A91F5C836900A46F5E /* PBXTargetDependency */,
				525283AD1F5C887100A46F5E /* PBXTargetDependency */,
			);
			name = MyInstaMap;
			productName = MyMapBook;
			productReference = CE4CC16B1F553B6C00D8244B /* MyInstaMap.app */;
			productType = "com.apple.product-type.application";
		};
		CE4CC17E1F553B6C00D8244B /* MyInstaMapTests */ = {
			isa = PBXNativeTarget;
			buildConfigurationList = CE4CC1961F553B6C00D8244B /* Build configuration list for PBXNativeTarget "MyInstaMapTests" */;
			buildPhases = (
				CE4CC17B1F553B6C00D8244B /* Sources */,
				CE4CC17C1F553B6C00D8244B /* Frameworks */,
				CE4CC17D1F553B6C00D8244B /* Resources */,
			);
			buildRules = (
			);
			dependencies = (
				CE4CC1811F553B6C00D8244B /* PBXTargetDependency */,
			);
			name = MyInstaMapTests;
			productName = MyMapBookTests;
			productReference = CE4CC17F1F553B6C00D8244B /* MyInstaMapTests.xctest */;
			productType = "com.apple.product-type.bundle.unit-test";
		};
		CE4CC1891F553B6C00D8244B /* MyInstaMapUITests */ = {
			isa = PBXNativeTarget;
			buildConfigurationList = CE4CC1991F553B6C00D8244B /* Build configuration list for PBXNativeTarget "MyInstaMapUITests" */;
			buildPhases = (
				CE4CC1861F553B6C00D8244B /* Sources */,
				CE4CC1871F553B6C00D8244B /* Frameworks */,
				CE4CC1881F553B6C00D8244B /* Resources */,
			);
			buildRules = (
			);
			dependencies = (
				CE4CC18C1F553B6C00D8244B /* PBXTargetDependency */,
			);
			name = MyInstaMapUITests;
			productName = MyMapBookUITests;
			productReference = CE4CC18A1F553B6C00D8244B /* MyInstaMapUITests.xctest */;
			productType = "com.apple.product-type.bundle.ui-testing";
		};
/* End PBXNativeTarget section */

/* Begin PBXProject section */
		CE4CC1631F553B6C00D8244B /* Project object */ = {
			isa = PBXProject;
			attributes = {
				LastSwiftUpdateCheck = 0830;
				LastUpgradeCheck = 0830;
				ORGANIZATIONNAME = User;
				TargetAttributes = {
					CE4CC16A1F553B6C00D8244B = {
						CreatedOnToolsVersion = 8.3.3;
						DevelopmentTeam = 2N3VATPC25;
						ProvisioningStyle = Automatic;
					};
					CE4CC17E1F553B6C00D8244B = {
						CreatedOnToolsVersion = 8.3.3;
						DevelopmentTeam = 2N3VATPC25;
						ProvisioningStyle = Automatic;
						TestTargetID = CE4CC16A1F553B6C00D8244B;
					};
					CE4CC1891F553B6C00D8244B = {
						CreatedOnToolsVersion = 8.3.3;
						DevelopmentTeam = 2N3VATPC25;
						ProvisioningStyle = Automatic;
						TestTargetID = CE4CC16A1F553B6C00D8244B;
					};
				};
			};
			buildConfigurationList = CE4CC1661F553B6C00D8244B /* Build configuration list for PBXProject "MyInstaMap" */;
			compatibilityVersion = "Xcode 3.2";
			developmentRegion = English;
			hasScannedForEncodings = 0;
			knownRegions = (
				en,
				Base,
			);
			mainGroup = CE4CC1621F553B6C00D8244B;
			productRefGroup = CE4CC16C1F553B6C00D8244B /* Products */;
			projectDirPath = "";
			projectReferences = (
				{
					ProductGroup = 52F6CD311F57D37D0056F02F /* Products */;
					ProjectRef = 52F6CD301F57D37D0056F02F /* Alamofire.xcodeproj */;
				},
				{
					ProductGroup = 52272BFB1F59D3B30041F21F /* Products */;
					ProjectRef = 52272BFA1F59D3B30041F21F /* AlamofireImage.xcodeproj */;
				},
				{
					ProductGroup = 5252838C1F5C835300A46F5E /* Products */;
					ProjectRef = 5252838B1F5C835300A46F5E /* AlamofireObjectMapper.xcodeproj */;
				},
				{
					ProductGroup = CEFA46D41F569E4100A85EBF /* Products */;
					ProjectRef = CEFA46D31F569E4100A85EBF /* ObjectMapper.xcodeproj */;
				},
			);
			projectRoot = "";
			targets = (
				CE4CC16A1F553B6C00D8244B /* MyInstaMap */,
				CE4CC17E1F553B6C00D8244B /* MyInstaMapTests */,
				CE4CC1891F553B6C00D8244B /* MyInstaMapUITests */,
			);
		};
/* End PBXProject section */

/* Begin PBXReferenceProxy section */
		52272C071F59D3B30041F21F /* AlamofireImage.framework */ = {
			isa = PBXReferenceProxy;
			fileType = wrapper.framework;
			path = AlamofireImage.framework;
			remoteRef = 52272C061F59D3B30041F21F /* PBXContainerItemProxy */;
			sourceTree = BUILT_PRODUCTS_DIR;
		};
		52272C091F59D3B30041F21F /* AlamofireImage iOS Tests.xctest */ = {
			isa = PBXReferenceProxy;
			fileType = wrapper.cfbundle;
			path = "AlamofireImage iOS Tests.xctest";
			remoteRef = 52272C081F59D3B30041F21F /* PBXContainerItemProxy */;
			sourceTree = BUILT_PRODUCTS_DIR;
		};
		52272C0B1F59D3B30041F21F /* AlamofireImage.framework */ = {
			isa = PBXReferenceProxy;
			fileType = wrapper.framework;
			path = AlamofireImage.framework;
			remoteRef = 52272C0A1F59D3B30041F21F /* PBXContainerItemProxy */;
			sourceTree = BUILT_PRODUCTS_DIR;
		};
		52272C0D1F59D3B30041F21F /* AlamofireImage macOS Tests.xctest */ = {
			isa = PBXReferenceProxy;
			fileType = wrapper.cfbundle;
			path = "AlamofireImage macOS Tests.xctest";
			remoteRef = 52272C0C1F59D3B30041F21F /* PBXContainerItemProxy */;
			sourceTree = BUILT_PRODUCTS_DIR;
		};
		52272C0F1F59D3B30041F21F /* AlamofireImage.framework */ = {
			isa = PBXReferenceProxy;
			fileType = wrapper.framework;
			path = AlamofireImage.framework;
			remoteRef = 52272C0E1F59D3B30041F21F /* PBXContainerItemProxy */;
			sourceTree = BUILT_PRODUCTS_DIR;
		};
		52272C111F59D3B30041F21F /* AlamofireImage tvOS Tests.xctest */ = {
			isa = PBXReferenceProxy;
			fileType = wrapper.cfbundle;
			path = "AlamofireImage tvOS Tests.xctest";
			remoteRef = 52272C101F59D3B30041F21F /* PBXContainerItemProxy */;
			sourceTree = BUILT_PRODUCTS_DIR;
		};
		52272C131F59D3B30041F21F /* AlamofireImage.framework */ = {
			isa = PBXReferenceProxy;
			fileType = wrapper.framework;
			path = AlamofireImage.framework;
			remoteRef = 52272C121F59D3B30041F21F /* PBXContainerItemProxy */;
			sourceTree = BUILT_PRODUCTS_DIR;
		};
		525283981F5C835300A46F5E /* AlamofireObjectMapper.framework */ = {
			isa = PBXReferenceProxy;
			fileType = wrapper.framework;
			path = AlamofireObjectMapper.framework;
			remoteRef = 525283971F5C835300A46F5E /* PBXContainerItemProxy */;
			sourceTree = BUILT_PRODUCTS_DIR;
		};
		5252839A1F5C835300A46F5E /* AlamofireObjectMapperTests iOS.xctest */ = {
			isa = PBXReferenceProxy;
			fileType = wrapper.cfbundle;
			path = "AlamofireObjectMapperTests iOS.xctest";
			remoteRef = 525283991F5C835300A46F5E /* PBXContainerItemProxy */;
			sourceTree = BUILT_PRODUCTS_DIR;
		};
		5252839C1F5C835300A46F5E /* AlamofireObjectMapper.framework */ = {
			isa = PBXReferenceProxy;
			fileType = wrapper.framework;
			path = AlamofireObjectMapper.framework;
			remoteRef = 5252839B1F5C835300A46F5E /* PBXContainerItemProxy */;
			sourceTree = BUILT_PRODUCTS_DIR;
		};
		5252839E1F5C835300A46F5E /* AlamofireObjectMapperTests OSX.xctest */ = {
			isa = PBXReferenceProxy;
			fileType = wrapper.cfbundle;
			path = "AlamofireObjectMapperTests OSX.xctest";
			remoteRef = 5252839D1F5C835300A46F5E /* PBXContainerItemProxy */;
			sourceTree = BUILT_PRODUCTS_DIR;
		};
		525283A01F5C835300A46F5E /* AlamofireObjectMapper.framework */ = {
			isa = PBXReferenceProxy;
			fileType = wrapper.framework;
			path = AlamofireObjectMapper.framework;
			remoteRef = 5252839F1F5C835300A46F5E /* PBXContainerItemProxy */;
			sourceTree = BUILT_PRODUCTS_DIR;
		};
		525283A21F5C835300A46F5E /* AlamofireObjectMapperTests tvOS.xctest */ = {
			isa = PBXReferenceProxy;
			fileType = wrapper.cfbundle;
			path = "AlamofireObjectMapperTests tvOS.xctest";
			remoteRef = 525283A11F5C835300A46F5E /* PBXContainerItemProxy */;
			sourceTree = BUILT_PRODUCTS_DIR;
		};
		525283A41F5C835300A46F5E /* AlamofireObjectMapper.framework */ = {
			isa = PBXReferenceProxy;
			fileType = wrapper.framework;
			path = AlamofireObjectMapper.framework;
			remoteRef = 525283A31F5C835300A46F5E /* PBXContainerItemProxy */;
			sourceTree = BUILT_PRODUCTS_DIR;
		};
		52F6CD3C1F57D37D0056F02F /* Alamofire.framework */ = {
			isa = PBXReferenceProxy;
			fileType = wrapper.framework;
			path = Alamofire.framework;
			remoteRef = 52F6CD3B1F57D37D0056F02F /* PBXContainerItemProxy */;
			sourceTree = BUILT_PRODUCTS_DIR;
		};
		52F6CD3E1F57D37D0056F02F /* Alamofire iOS Tests.xctest */ = {
			isa = PBXReferenceProxy;
			fileType = wrapper.cfbundle;
			path = "Alamofire iOS Tests.xctest";
			remoteRef = 52F6CD3D1F57D37D0056F02F /* PBXContainerItemProxy */;
			sourceTree = BUILT_PRODUCTS_DIR;
		};
		52F6CD401F57D37D0056F02F /* Alamofire.framework */ = {
			isa = PBXReferenceProxy;
			fileType = wrapper.framework;
			path = Alamofire.framework;
			remoteRef = 52F6CD3F1F57D37D0056F02F /* PBXContainerItemProxy */;
			sourceTree = BUILT_PRODUCTS_DIR;
		};
		52F6CD421F57D37D0056F02F /* Alamofire macOS Tests.xctest */ = {
			isa = PBXReferenceProxy;
			fileType = wrapper.cfbundle;
			path = "Alamofire macOS Tests.xctest";
			remoteRef = 52F6CD411F57D37D0056F02F /* PBXContainerItemProxy */;
			sourceTree = BUILT_PRODUCTS_DIR;
		};
		52F6CD441F57D37D0056F02F /* Alamofire.framework */ = {
			isa = PBXReferenceProxy;
			fileType = wrapper.framework;
			path = Alamofire.framework;
			remoteRef = 52F6CD431F57D37D0056F02F /* PBXContainerItemProxy */;
			sourceTree = BUILT_PRODUCTS_DIR;
		};
		52F6CD461F57D37D0056F02F /* Alamofire tvOS Tests.xctest */ = {
			isa = PBXReferenceProxy;
			fileType = wrapper.cfbundle;
			path = "Alamofire tvOS Tests.xctest";
			remoteRef = 52F6CD451F57D37D0056F02F /* PBXContainerItemProxy */;
			sourceTree = BUILT_PRODUCTS_DIR;
		};
		52F6CD481F57D37D0056F02F /* Alamofire.framework */ = {
			isa = PBXReferenceProxy;
			fileType = wrapper.framework;
			path = Alamofire.framework;
			remoteRef = 52F6CD471F57D37D0056F02F /* PBXContainerItemProxy */;
			sourceTree = BUILT_PRODUCTS_DIR;
		};
		CEFA46DE1F569E4100A85EBF /* ObjectMapper.framework */ = {
			isa = PBXReferenceProxy;
			fileType = wrapper.framework;
			path = ObjectMapper.framework;
			remoteRef = CEFA46DD1F569E4100A85EBF /* PBXContainerItemProxy */;
			sourceTree = BUILT_PRODUCTS_DIR;
		};
		CEFA46E01F569E4100A85EBF /* ObjectMapper.framework */ = {
			isa = PBXReferenceProxy;
			fileType = wrapper.framework;
			path = ObjectMapper.framework;
			remoteRef = CEFA46DF1F569E4100A85EBF /* PBXContainerItemProxy */;
			sourceTree = BUILT_PRODUCTS_DIR;
		};
		CEFA46E21F569E4100A85EBF /* ObjectMapper.framework */ = {
			isa = PBXReferenceProxy;
			fileType = wrapper.framework;
			path = ObjectMapper.framework;
			remoteRef = CEFA46E11F569E4100A85EBF /* PBXContainerItemProxy */;
			sourceTree = BUILT_PRODUCTS_DIR;
		};
		CEFA46E41F569E4100A85EBF /* ObjectMapper.framework */ = {
			isa = PBXReferenceProxy;
			fileType = wrapper.framework;
			path = ObjectMapper.framework;
			remoteRef = CEFA46E31F569E4100A85EBF /* PBXContainerItemProxy */;
			sourceTree = BUILT_PRODUCTS_DIR;
		};
		CEFA46E61F569E4100A85EBF /* ObjectMapper-iOSTests.xctest */ = {
			isa = PBXReferenceProxy;
			fileType = wrapper.cfbundle;
			path = "ObjectMapper-iOSTests.xctest";
			remoteRef = CEFA46E51F569E4100A85EBF /* PBXContainerItemProxy */;
			sourceTree = BUILT_PRODUCTS_DIR;
		};
		CEFA46E81F569E4100A85EBF /* ObjectMapper-MacTests.xctest */ = {
			isa = PBXReferenceProxy;
			fileType = wrapper.cfbundle;
			path = "ObjectMapper-MacTests.xctest";
			remoteRef = CEFA46E71F569E4100A85EBF /* PBXContainerItemProxy */;
			sourceTree = BUILT_PRODUCTS_DIR;
		};
		CEFA46EA1F569E4100A85EBF /* ObjectMapper-tvOSTests.xctest */ = {
			isa = PBXReferenceProxy;
			fileType = wrapper.cfbundle;
			path = "ObjectMapper-tvOSTests.xctest";
			remoteRef = CEFA46E91F569E4100A85EBF /* PBXContainerItemProxy */;
			sourceTree = BUILT_PRODUCTS_DIR;
		};
/* End PBXReferenceProxy section */

/* Begin PBXResourcesBuildPhase section */
		CE4CC1691F553B6C00D8244B /* Resources */ = {
			isa = PBXResourcesBuildPhase;
			buildActionMask = 2147483647;
			files = (
				CE4CC1761F553B6C00D8244B /* Assets.xcassets in Resources */,
				525284891F5C8DCD00A46F5E /* Main.storyboard in Resources */,
				525284881F5C8DCD00A46F5E /* LaunchScreen.storyboard in Resources */,
				520F023C1F5ADFD30048A3FE /* CustomCalloutView.xib in Resources */,
				CEFA46F01F56A32F00A85EBF /* data.json in Resources */,
			);
			runOnlyForDeploymentPostprocessing = 0;
		};
		CE4CC17D1F553B6C00D8244B /* Resources */ = {
			isa = PBXResourcesBuildPhase;
			buildActionMask = 2147483647;
			files = (
			);
			runOnlyForDeploymentPostprocessing = 0;
		};
		CE4CC1881F553B6C00D8244B /* Resources */ = {
			isa = PBXResourcesBuildPhase;
			buildActionMask = 2147483647;
			files = (
			);
			runOnlyForDeploymentPostprocessing = 0;
		};
/* End PBXResourcesBuildPhase section */

/* Begin PBXSourcesBuildPhase section */
		CE4CC1671F553B6C00D8244B /* Sources */ = {
			isa = PBXSourcesBuildPhase;
			buildActionMask = 2147483647;
			files = (
				525B62D31F59C37F00FAB0B4 /* CustomMKAnnotationView.swift in Sources */,
				52F6CD281F57CC8D0056F02F /* LoginViewController.swift in Sources */,
				5252837C1F5BEA8700A46F5E /* MediaAPI.swift in Sources */,
				525283601F5BD7CE00A46F5E /* BaseViewController.swift in Sources */,
				5252838A1F5C1BC700A46F5E /* Constants.swift in Sources */,
				525283821F5BFFA900A46F5E /* AuthenticateAPI.swift in Sources */,
				525283871F5C0CC100A46F5E /* Connectivity.swift in Sources */,
				520F02261F5ADFC30048A3FE /* CustomCalloutView.swift in Sources */,
				525284411F5C8D7000A46F5E /* AppDelegate.swift in Sources */,
				CE4CC1711F553B6C00D8244B /* InstaMapViewController.swift in Sources */,
				525B62D11F5999DA00FAB0B4 /* MediaSearchAnnotation.swift in Sources */,
				520F023E1F5B17940048A3FE /* Reachability.swift in Sources */,
				CEFA46F21F56BF9000A85EBF /* MediaSearchModel.swift in Sources */,
			);
			runOnlyForDeploymentPostprocessing = 0;
		};
		CE4CC17B1F553B6C00D8244B /* Sources */ = {
			isa = PBXSourcesBuildPhase;
			buildActionMask = 2147483647;
			files = (
				CE4CC1841F553B6C00D8244B /* MyInstaMapTests.swift in Sources */,
			);
			runOnlyForDeploymentPostprocessing = 0;
		};
		CE4CC1861F553B6C00D8244B /* Sources */ = {
			isa = PBXSourcesBuildPhase;
			buildActionMask = 2147483647;
			files = (
				CE4CC18F1F553B6C00D8244B /* MyInstaMapUITests.swift in Sources */,
			);
			runOnlyForDeploymentPostprocessing = 0;
		};
/* End PBXSourcesBuildPhase section */

/* Begin PBXTargetDependency section */
		52272C171F59D3D70041F21F /* PBXTargetDependency */ = {
			isa = PBXTargetDependency;
			name = "AlamofireImage iOS";
			targetProxy = 52272C161F59D3D70041F21F /* PBXContainerItemProxy */;
		};
		525283A91F5C836900A46F5E /* PBXTargetDependency */ = {
			isa = PBXTargetDependency;
			name = "AlamofireObjectMapper iOS";
			targetProxy = 525283A81F5C836900A46F5E /* PBXContainerItemProxy */;
		};
		525283AD1F5C887100A46F5E /* PBXTargetDependency */ = {
			isa = PBXTargetDependency;
			name = "ObjectMapper-iOS";
			targetProxy = 525283AC1F5C887100A46F5E /* PBXContainerItemProxy */;
		};
		52F6CD4C1F57D3C10056F02F /* PBXTargetDependency */ = {
			isa = PBXTargetDependency;
			name = "Alamofire iOS";
			targetProxy = 52F6CD4B1F57D3C10056F02F /* PBXContainerItemProxy */;
		};
		CE4CC1811F553B6C00D8244B /* PBXTargetDependency */ = {
			isa = PBXTargetDependency;
			target = CE4CC16A1F553B6C00D8244B /* MyInstaMap */;
			targetProxy = CE4CC1801F553B6C00D8244B /* PBXContainerItemProxy */;
		};
		CE4CC18C1F553B6C00D8244B /* PBXTargetDependency */ = {
			isa = PBXTargetDependency;
			target = CE4CC16A1F553B6C00D8244B /* MyInstaMap */;
			targetProxy = CE4CC18B1F553B6C00D8244B /* PBXContainerItemProxy */;
		};
/* End PBXTargetDependency section */

/* Begin PBXVariantGroup section */
		525284841F5C8DCD00A46F5E /* LaunchScreen.storyboard */ = {
			isa = PBXVariantGroup;
			children = (
				525284851F5C8DCD00A46F5E /* Base */,
			);
			name = LaunchScreen.storyboard;
			sourceTree = "<group>";
		};
		525284861F5C8DCD00A46F5E /* Main.storyboard */ = {
			isa = PBXVariantGroup;
			children = (
				525284871F5C8DCD00A46F5E /* Base */,
			);
			name = Main.storyboard;
			sourceTree = "<group>";
		};
/* End PBXVariantGroup section */

/* Begin XCBuildConfiguration section */
		CE4CC1911F553B6C00D8244B /* Debug */ = {
			isa = XCBuildConfiguration;
			buildSettings = {
				ALWAYS_SEARCH_USER_PATHS = NO;
				CLANG_ANALYZER_NONNULL = YES;
				CLANG_ANALYZER_NUMBER_OBJECT_CONVERSION = YES_AGGRESSIVE;
				CLANG_CXX_LANGUAGE_STANDARD = "gnu++0x";
				CLANG_CXX_LIBRARY = "libc++";
				CLANG_ENABLE_MODULES = YES;
				CLANG_ENABLE_OBJC_ARC = YES;
				CLANG_WARN_BOOL_CONVERSION = YES;
				CLANG_WARN_CONSTANT_CONVERSION = YES;
				CLANG_WARN_DIRECT_OBJC_ISA_USAGE = YES_ERROR;
				CLANG_WARN_DOCUMENTATION_COMMENTS = YES;
				CLANG_WARN_EMPTY_BODY = YES;
				CLANG_WARN_ENUM_CONVERSION = YES;
				CLANG_WARN_INFINITE_RECURSION = YES;
				CLANG_WARN_INT_CONVERSION = YES;
				CLANG_WARN_OBJC_ROOT_CLASS = YES_ERROR;
				CLANG_WARN_SUSPICIOUS_MOVE = YES;
				CLANG_WARN_UNREACHABLE_CODE = YES;
				CLANG_WARN__DUPLICATE_METHOD_MATCH = YES;
				"CODE_SIGN_IDENTITY[sdk=iphoneos*]" = "iPhone Developer";
				COPY_PHASE_STRIP = NO;
				DEBUG_INFORMATION_FORMAT = dwarf;
				ENABLE_STRICT_OBJC_MSGSEND = YES;
				ENABLE_TESTABILITY = YES;
				GCC_C_LANGUAGE_STANDARD = gnu99;
				GCC_DYNAMIC_NO_PIC = NO;
				GCC_NO_COMMON_BLOCKS = YES;
				GCC_OPTIMIZATION_LEVEL = 0;
				GCC_PREPROCESSOR_DEFINITIONS = (
					"DEBUG=1",
					"$(inherited)",
				);
				GCC_WARN_64_TO_32_BIT_CONVERSION = YES;
				GCC_WARN_ABOUT_RETURN_TYPE = YES_ERROR;
				GCC_WARN_UNDECLARED_SELECTOR = YES;
				GCC_WARN_UNINITIALIZED_AUTOS = YES_AGGRESSIVE;
				GCC_WARN_UNUSED_FUNCTION = YES;
				GCC_WARN_UNUSED_VARIABLE = YES;
				IPHONEOS_DEPLOYMENT_TARGET = 10.3;
				MTL_ENABLE_DEBUG_INFO = YES;
				ONLY_ACTIVE_ARCH = YES;
				SDKROOT = iphoneos;
				SWIFT_ACTIVE_COMPILATION_CONDITIONS = DEBUG;
				SWIFT_OPTIMIZATION_LEVEL = "-Onone";
				TARGETED_DEVICE_FAMILY = "1,2";
			};
			name = Debug;
		};
		CE4CC1921F553B6C00D8244B /* Release */ = {
			isa = XCBuildConfiguration;
			buildSettings = {
				ALWAYS_SEARCH_USER_PATHS = NO;
				CLANG_ANALYZER_NONNULL = YES;
				CLANG_ANALYZER_NUMBER_OBJECT_CONVERSION = YES_AGGRESSIVE;
				CLANG_CXX_LANGUAGE_STANDARD = "gnu++0x";
				CLANG_CXX_LIBRARY = "libc++";
				CLANG_ENABLE_MODULES = YES;
				CLANG_ENABLE_OBJC_ARC = YES;
				CLANG_WARN_BOOL_CONVERSION = YES;
				CLANG_WARN_CONSTANT_CONVERSION = YES;
				CLANG_WARN_DIRECT_OBJC_ISA_USAGE = YES_ERROR;
				CLANG_WARN_DOCUMENTATION_COMMENTS = YES;
				CLANG_WARN_EMPTY_BODY = YES;
				CLANG_WARN_ENUM_CONVERSION = YES;
				CLANG_WARN_INFINITE_RECURSION = YES;
				CLANG_WARN_INT_CONVERSION = YES;
				CLANG_WARN_OBJC_ROOT_CLASS = YES_ERROR;
				CLANG_WARN_SUSPICIOUS_MOVE = YES;
				CLANG_WARN_UNREACHABLE_CODE = YES;
				CLANG_WARN__DUPLICATE_METHOD_MATCH = YES;
				"CODE_SIGN_IDENTITY[sdk=iphoneos*]" = "iPhone Developer";
				COPY_PHASE_STRIP = NO;
				DEBUG_INFORMATION_FORMAT = "dwarf-with-dsym";
				ENABLE_NS_ASSERTIONS = NO;
				ENABLE_STRICT_OBJC_MSGSEND = YES;
				GCC_C_LANGUAGE_STANDARD = gnu99;
				GCC_NO_COMMON_BLOCKS = YES;
				GCC_WARN_64_TO_32_BIT_CONVERSION = YES;
				GCC_WARN_ABOUT_RETURN_TYPE = YES_ERROR;
				GCC_WARN_UNDECLARED_SELECTOR = YES;
				GCC_WARN_UNINITIALIZED_AUTOS = YES_AGGRESSIVE;
				GCC_WARN_UNUSED_FUNCTION = YES;
				GCC_WARN_UNUSED_VARIABLE = YES;
				IPHONEOS_DEPLOYMENT_TARGET = 10.3;
				MTL_ENABLE_DEBUG_INFO = NO;
				SDKROOT = iphoneos;
				SWIFT_OPTIMIZATION_LEVEL = "-Owholemodule";
				TARGETED_DEVICE_FAMILY = "1,2";
				VALIDATE_PRODUCT = YES;
			};
			name = Release;
		};
		CE4CC1941F553B6C00D8244B /* Debug */ = {
			isa = XCBuildConfiguration;
			buildSettings = {
				ALWAYS_EMBED_SWIFT_STANDARD_LIBRARIES = YES;
				ASSETCATALOG_COMPILER_APPICON_NAME = AppIcon;
				DEVELOPMENT_TEAM = 2N3VATPC25;
				INFOPLIST_FILE = MyInstaMap/Info.plist;
				IPHONEOS_DEPLOYMENT_TARGET = 8.0;
				LD_RUNPATH_SEARCH_PATHS = "$(inherited) @executable_path/Frameworks";
				PRODUCT_BUNDLE_IDENTIFIER = com.tluu9.MyInstaMap;
				PRODUCT_NAME = "$(TARGET_NAME)";
				SWIFT_VERSION = 3.0;
			};
			name = Debug;
		};
		CE4CC1951F553B6C00D8244B /* Release */ = {
			isa = XCBuildConfiguration;
			buildSettings = {
				ALWAYS_EMBED_SWIFT_STANDARD_LIBRARIES = YES;
				ASSETCATALOG_COMPILER_APPICON_NAME = AppIcon;
				DEVELOPMENT_TEAM = 2N3VATPC25;
				INFOPLIST_FILE = MyInstaMap/Info.plist;
				IPHONEOS_DEPLOYMENT_TARGET = 8.0;
				LD_RUNPATH_SEARCH_PATHS = "$(inherited) @executable_path/Frameworks";
				PRODUCT_BUNDLE_IDENTIFIER = com.tluu9.MyInstaMap;
				PRODUCT_NAME = "$(TARGET_NAME)";
				SWIFT_VERSION = 3.0;
			};
			name = Release;
		};
		CE4CC1971F553B6C00D8244B /* Debug */ = {
			isa = XCBuildConfiguration;
			buildSettings = {
				ALWAYS_EMBED_SWIFT_STANDARD_LIBRARIES = YES;
				BUNDLE_LOADER = "$(TEST_HOST)";
				DEVELOPMENT_TEAM = 2N3VATPC25;
				INFOPLIST_FILE = MyInstaMapTests/Info.plist;
				LD_RUNPATH_SEARCH_PATHS = "$(inherited) @executable_path/Frameworks @loader_path/Frameworks";
				PRODUCT_BUNDLE_IDENTIFIER = com.tluu9.MyInstaMapTests;
				PRODUCT_NAME = "$(TARGET_NAME)";
				SWIFT_VERSION = 3.0;
				TEST_HOST = "$(BUILT_PRODUCTS_DIR)/MyInstaMap.app/MyInstaMap";
			};
			name = Debug;
		};
		CE4CC1981F553B6C00D8244B /* Release */ = {
			isa = XCBuildConfiguration;
			buildSettings = {
				ALWAYS_EMBED_SWIFT_STANDARD_LIBRARIES = YES;
				BUNDLE_LOADER = "$(TEST_HOST)";
				DEVELOPMENT_TEAM = 2N3VATPC25;
				INFOPLIST_FILE = MyInstaMapTests/Info.plist;
				LD_RUNPATH_SEARCH_PATHS = "$(inherited) @executable_path/Frameworks @loader_path/Frameworks";
				PRODUCT_BUNDLE_IDENTIFIER = com.tluu9.MyInstaMapTests;
				PRODUCT_NAME = "$(TARGET_NAME)";
				SWIFT_VERSION = 3.0;
				TEST_HOST = "$(BUILT_PRODUCTS_DIR)/MyInstaMap.app/MyInstaMap";
			};
			name = Release;
		};
		CE4CC19A1F553B6C00D8244B /* Debug */ = {
			isa = XCBuildConfiguration;
			buildSettings = {
				ALWAYS_EMBED_SWIFT_STANDARD_LIBRARIES = YES;
				DEVELOPMENT_TEAM = 2N3VATPC25;
				INFOPLIST_FILE = MyInstaMapUITests/Info.plist;
				LD_RUNPATH_SEARCH_PATHS = "$(inherited) @executable_path/Frameworks @loader_path/Frameworks";
				PRODUCT_BUNDLE_IDENTIFIER = com.tluu9.MyInstaMapUITests;
				PRODUCT_NAME = "$(TARGET_NAME)";
				SWIFT_VERSION = 3.0;
				TEST_TARGET_NAME = MyMapBook;
			};
			name = Debug;
		};
		CE4CC19B1F553B6C00D8244B /* Release */ = {
			isa = XCBuildConfiguration;
			buildSettings = {
				ALWAYS_EMBED_SWIFT_STANDARD_LIBRARIES = YES;
				DEVELOPMENT_TEAM = 2N3VATPC25;
				INFOPLIST_FILE = MyInstaMapUITests/Info.plist;
				LD_RUNPATH_SEARCH_PATHS = "$(inherited) @executable_path/Frameworks @loader_path/Frameworks";
				PRODUCT_BUNDLE_IDENTIFIER = com.tluu9.MyInstaMapUITests;
				PRODUCT_NAME = "$(TARGET_NAME)";
				SWIFT_VERSION = 3.0;
				TEST_TARGET_NAME = MyMapBook;
			};
			name = Release;
		};
/* End XCBuildConfiguration section */

/* Begin XCConfigurationList section */
		CE4CC1661F553B6C00D8244B /* Build configuration list for PBXProject "MyInstaMap" */ = {
			isa = XCConfigurationList;
			buildConfigurations = (
				CE4CC1911F553B6C00D8244B /* Debug */,
				CE4CC1921F553B6C00D8244B /* Release */,
			);
			defaultConfigurationIsVisible = 0;
			defaultConfigurationName = Release;
		};
		CE4CC1931F553B6C00D8244B /* Build configuration list for PBXNativeTarget "MyInstaMap" */ = {
			isa = XCConfigurationList;
			buildConfigurations = (
				CE4CC1941F553B6C00D8244B /* Debug */,
				CE4CC1951F553B6C00D8244B /* Release */,
			);
			defaultConfigurationIsVisible = 0;
			defaultConfigurationName = Release;
		};
		CE4CC1961F553B6C00D8244B /* Build configuration list for PBXNativeTarget "MyInstaMapTests" */ = {
			isa = XCConfigurationList;
			buildConfigurations = (
				CE4CC1971F553B6C00D8244B /* Debug */,
				CE4CC1981F553B6C00D8244B /* Release */,
			);
			defaultConfigurationIsVisible = 0;
			defaultConfigurationName = Release;
		};
		CE4CC1991F553B6C00D8244B /* Build configuration list for PBXNativeTarget "MyInstaMapUITests" */ = {
			isa = XCConfigurationList;
			buildConfigurations = (
				CE4CC19A1F553B6C00D8244B /* Debug */,
				CE4CC19B1F553B6C00D8244B /* Release */,
			);
			defaultConfigurationIsVisible = 0;
			defaultConfigurationName = Release;
		};
/* End XCConfigurationList section */
	};
	rootObject = CE4CC1631F553B6C00D8244B /* Project object */;
}
